// !$*UTF8*$!
{
	archiveVersion = 1;
	classes = {
	};
	objectVersion = 51;
	objects = {

/* Begin PBXBuildFile section */
		2F03C4262660294E005DB6AA /* ItemIsFavorite.swift in Sources */ = {isa = PBXBuildFile; fileRef = 2F03C4252660294E005DB6AA /* ItemIsFavorite.swift */; };
		2F3C594B2653DA7C00D704D5 /* itemTableViewCell.swift in Sources */ = {isa = PBXBuildFile; fileRef = 2F3C594A2653DA7C00D704D5 /* itemTableViewCell.swift */; };
		2F3C59542653DDEA00D704D5 /* itemTableExtension.swift in Sources */ = {isa = PBXBuildFile; fileRef = 2F3C59532653DDEA00D704D5 /* itemTableExtension.swift */; };
		2F3C59552653DDEA00D704D5 /* itemTableExtension.swift in Sources */ = {isa = PBXBuildFile; fileRef = 2F3C59532653DDEA00D704D5 /* itemTableExtension.swift */; };
		2F3C59562653DDEA00D704D5 /* itemTableExtension.swift in Sources */ = {isa = PBXBuildFile; fileRef = 2F3C59532653DDEA00D704D5 /* itemTableExtension.swift */; };
		2F3C59842653E06F00D704D5 /* itemsService.swift in Sources */ = {isa = PBXBuildFile; fileRef = 2F3C59832653E06F00D704D5 /* itemsService.swift */; };
		2F3C59C12653F5D600D704D5 /* ItemsViewModel.swift in Sources */ = {isa = PBXBuildFile; fileRef = 2F3C59C02653F5D600D704D5 /* ItemsViewModel.swift */; };
		2F3C59C22653F5D600D704D5 /* ItemsViewModel.swift in Sources */ = {isa = PBXBuildFile; fileRef = 2F3C59C02653F5D600D704D5 /* ItemsViewModel.swift */; };
		2F3C59C32653F5D600D704D5 /* ItemsViewModel.swift in Sources */ = {isa = PBXBuildFile; fileRef = 2F3C59C02653F5D600D704D5 /* ItemsViewModel.swift */; };
		2F4533D92629F7FB000FE74E /* AppDelegate.swift in Sources */ = {isa = PBXBuildFile; fileRef = 2F4533D82629F7FB000FE74E /* AppDelegate.swift */; };
		2F4533DB2629F7FB000FE74E /* SceneDelegate.swift in Sources */ = {isa = PBXBuildFile; fileRef = 2F4533DA2629F7FB000FE74E /* SceneDelegate.swift */; };
		2F4533E02629F7FB000FE74E /* Main.storyboard in Resources */ = {isa = PBXBuildFile; fileRef = 2F4533DE2629F7FB000FE74E /* Main.storyboard */; };
		2F4533E32629F7FB000FE74E /* Mercado.xcdatamodeld in Sources */ = {isa = PBXBuildFile; fileRef = 2F4533E12629F7FB000FE74E /* Mercado.xcdatamodeld */; };
		2F4533E52629F7FB000FE74E /* Assets.xcassets in Resources */ = {isa = PBXBuildFile; fileRef = 2F4533E42629F7FB000FE74E /* Assets.xcassets */; };
		2F4533E82629F7FB000FE74E /* LaunchScreen.storyboard in Resources */ = {isa = PBXBuildFile; fileRef = 2F4533E62629F7FB000FE74E /* LaunchScreen.storyboard */; };
		2F4533F32629F7FC000FE74E /* MercadoTests.swift in Sources */ = {isa = PBXBuildFile; fileRef = 2F4533F22629F7FC000FE74E /* MercadoTests.swift */; };
		2F4533FE2629F7FC000FE74E /* MercadoUITests.swift in Sources */ = {isa = PBXBuildFile; fileRef = 2F4533FD2629F7FC000FE74E /* MercadoUITests.swift */; };
		2F8A8B1C262F28F400128FCD /* LindaStoryboard.storyboard in Resources */ = {isa = PBXBuildFile; fileRef = 2F8A8B1B262F28F400128FCD /* LindaStoryboard.storyboard */; };
		2FA30F972652CAAC00E59A77 /* HomeAppliances.swift in Sources */ = {isa = PBXBuildFile; fileRef = 2FA30F962652CAAC00E59A77 /* HomeAppliances.swift */; };
		2FA30F982652CAAC00E59A77 /* HomeAppliances.swift in Sources */ = {isa = PBXBuildFile; fileRef = 2FA30F962652CAAC00E59A77 /* HomeAppliances.swift */; };
		2FA30F992652CAAC00E59A77 /* HomeAppliances.swift in Sources */ = {isa = PBXBuildFile; fileRef = 2FA30F962652CAAC00E59A77 /* HomeAppliances.swift */; };
		2FA30F9E2652D03100E59A77 /* PersonalCare.swift in Sources */ = {isa = PBXBuildFile; fileRef = 2FA30F9D2652D03100E59A77 /* PersonalCare.swift */; };
		2FA30F9F2652D03100E59A77 /* PersonalCare.swift in Sources */ = {isa = PBXBuildFile; fileRef = 2FA30F9D2652D03100E59A77 /* PersonalCare.swift */; };
		2FA30FA02652D03100E59A77 /* PersonalCare.swift in Sources */ = {isa = PBXBuildFile; fileRef = 2FA30F9D2652D03100E59A77 /* PersonalCare.swift */; };
		2FA30FA52652D1E800E59A77 /* WomenBags.swift in Sources */ = {isa = PBXBuildFile; fileRef = 2FA30FA42652D1E800E59A77 /* WomenBags.swift */; };
		2FA30FA62652D1E800E59A77 /* WomenBags.swift in Sources */ = {isa = PBXBuildFile; fileRef = 2FA30FA42652D1E800E59A77 /* WomenBags.swift */; };
		2FA30FA72652D1E800E59A77 /* WomenBags.swift in Sources */ = {isa = PBXBuildFile; fileRef = 2FA30FA42652D1E800E59A77 /* WomenBags.swift */; };
		2FA30FAF2652D4AB00E59A77 /* WomenClothing.swift in Sources */ = {isa = PBXBuildFile; fileRef = 2FA30FAE2652D4AB00E59A77 /* WomenClothing.swift */; };
		2FA30FB02652D4AB00E59A77 /* WomenClothing.swift in Sources */ = {isa = PBXBuildFile; fileRef = 2FA30FAE2652D4AB00E59A77 /* WomenClothing.swift */; };
		2FA30FB12652D4AB00E59A77 /* WomenClothing.swift in Sources */ = {isa = PBXBuildFile; fileRef = 2FA30FAE2652D4AB00E59A77 /* WomenClothing.swift */; };
		2FA30FB62652D79300E59A77 /* SkinCare.swift in Sources */ = {isa = PBXBuildFile; fileRef = 2FA30FB52652D79300E59A77 /* SkinCare.swift */; };
		2FA30FB72652D79300E59A77 /* SkinCare.swift in Sources */ = {isa = PBXBuildFile; fileRef = 2FA30FB52652D79300E59A77 /* SkinCare.swift */; };
		2FA30FB82652D79300E59A77 /* SkinCare.swift in Sources */ = {isa = PBXBuildFile; fileRef = 2FA30FB52652D79300E59A77 /* SkinCare.swift */; };
		2FA30FBD2652DA9C00E59A77 /* MakeUp.swift in Sources */ = {isa = PBXBuildFile; fileRef = 2FA30FBC2652DA9C00E59A77 /* MakeUp.swift */; };
		2FA30FBE2652DA9C00E59A77 /* MakeUp.swift in Sources */ = {isa = PBXBuildFile; fileRef = 2FA30FBC2652DA9C00E59A77 /* MakeUp.swift */; };
		2FA30FBF2652DA9C00E59A77 /* MakeUp.swift in Sources */ = {isa = PBXBuildFile; fileRef = 2FA30FBC2652DA9C00E59A77 /* MakeUp.swift */; };
		2FA30FC42652E00900E59A77 /* TabletsAndMobiles.swift in Sources */ = {isa = PBXBuildFile; fileRef = 2FA30FC32652E00900E59A77 /* TabletsAndMobiles.swift */; };
		2FA30FC52652E00900E59A77 /* TabletsAndMobiles.swift in Sources */ = {isa = PBXBuildFile; fileRef = 2FA30FC32652E00900E59A77 /* TabletsAndMobiles.swift */; };
		2FA30FC62652E00900E59A77 /* TabletsAndMobiles.swift in Sources */ = {isa = PBXBuildFile; fileRef = 2FA30FC32652E00900E59A77 /* TabletsAndMobiles.swift */; };
		2FA30FCB2652E6F400E59A77 /* Laptops.swift in Sources */ = {isa = PBXBuildFile; fileRef = 2FA30FCA2652E6F400E59A77 /* Laptops.swift */; };
		2FA30FCC2652E6F400E59A77 /* Laptops.swift in Sources */ = {isa = PBXBuildFile; fileRef = 2FA30FCA2652E6F400E59A77 /* Laptops.swift */; };
		2FA30FCD2652E6F400E59A77 /* Laptops.swift in Sources */ = {isa = PBXBuildFile; fileRef = 2FA30FCA2652E6F400E59A77 /* Laptops.swift */; };
		2FA30FD82652F07000E59A77 /* LaptopBags.swift in Sources */ = {isa = PBXBuildFile; fileRef = 2FA30FD72652F07000E59A77 /* LaptopBags.swift */; };
		2FA30FD92652F07000E59A77 /* LaptopBags.swift in Sources */ = {isa = PBXBuildFile; fileRef = 2FA30FD72652F07000E59A77 /* LaptopBags.swift */; };
		2FA30FDA2652F07000E59A77 /* LaptopBags.swift in Sources */ = {isa = PBXBuildFile; fileRef = 2FA30FD72652F07000E59A77 /* LaptopBags.swift */; };
		2FA30FDF2652F7A400E59A77 /* KidsClothing.swift in Sources */ = {isa = PBXBuildFile; fileRef = 2FA30FDE2652F7A400E59A77 /* KidsClothing.swift */; };
		2FA30FE02652F7A400E59A77 /* KidsClothing.swift in Sources */ = {isa = PBXBuildFile; fileRef = 2FA30FDE2652F7A400E59A77 /* KidsClothing.swift */; };
		2FA30FE12652F7A400E59A77 /* KidsClothing.swift in Sources */ = {isa = PBXBuildFile; fileRef = 2FA30FDE2652F7A400E59A77 /* KidsClothing.swift */; };
		2FA30FE62652F86600E59A77 /* KidsShoes.swift in Sources */ = {isa = PBXBuildFile; fileRef = 2FA30FE52652F86600E59A77 /* KidsShoes.swift */; };
		2FA30FE72652F86600E59A77 /* KidsShoes.swift in Sources */ = {isa = PBXBuildFile; fileRef = 2FA30FE52652F86600E59A77 /* KidsShoes.swift */; };
		2FA30FE82652F86600E59A77 /* KidsShoes.swift in Sources */ = {isa = PBXBuildFile; fileRef = 2FA30FE52652F86600E59A77 /* KidsShoes.swift */; };
		2FA30FF62652FB7D00E59A77 /* itemsTableViewController.swift in Sources */ = {isa = PBXBuildFile; fileRef = 2FA30FF52652FB7D00E59A77 /* itemsTableViewController.swift */; };
		2FA30FF72652FB7D00E59A77 /* itemsTableViewController.swift in Sources */ = {isa = PBXBuildFile; fileRef = 2FA30FF52652FB7D00E59A77 /* itemsTableViewController.swift */; };
		2FA30FF82652FB7D00E59A77 /* itemsTableViewController.swift in Sources */ = {isa = PBXBuildFile; fileRef = 2FA30FF52652FB7D00E59A77 /* itemsTableViewController.swift */; };
		2FC100C2265EF6EE00BF97A5 /* FavoriteService.swift in Sources */ = {isa = PBXBuildFile; fileRef = 2FC100C1265EF6EE00BF97A5 /* FavoriteService.swift */; };
		2FC100C7265EF74600BF97A5 /* FavoriteViewModel.swift in Sources */ = {isa = PBXBuildFile; fileRef = 2FC100C6265EF74600BF97A5 /* FavoriteViewModel.swift */; };
		2FC100CC265EF7D900BF97A5 /* FavoriteExtension.swift in Sources */ = {isa = PBXBuildFile; fileRef = 2FC100CB265EF7D800BF97A5 /* FavoriteExtension.swift */; };
		2FC100D1265EF80900BF97A5 /* FavoriteTableViewCell.swift in Sources */ = {isa = PBXBuildFile; fileRef = 2FC100D0265EF80900BF97A5 /* FavoriteTableViewCell.swift */; };
		2FC100D6265EF81B00BF97A5 /* FavoriteTableViewController.swift in Sources */ = {isa = PBXBuildFile; fileRef = 2FC100D5265EF81B00BF97A5 /* FavoriteTableViewController.swift */; };
		2FE74B4226519400005D6AEA /* StyleSheet.swift in Sources */ = {isa = PBXBuildFile; fileRef = 2FE74B4126519400005D6AEA /* StyleSheet.swift */; };
		2FE74B4326519400005D6AEA /* StyleSheet.swift in Sources */ = {isa = PBXBuildFile; fileRef = 2FE74B4126519400005D6AEA /* StyleSheet.swift */; };
		2FE74B4426519400005D6AEA /* StyleSheet.swift in Sources */ = {isa = PBXBuildFile; fileRef = 2FE74B4126519400005D6AEA /* StyleSheet.swift */; };
		2FEB0B8C264EBBDB003D5CAE /* HomeTabBarController.swift in Sources */ = {isa = PBXBuildFile; fileRef = 2FEB0B8B264EBBDB003D5CAE /* HomeTabBarController.swift */; };
		9615D94026668E2F000D369F /* CartItem.swift in Sources */ = {isa = PBXBuildFile; fileRef = 9615D93F26668E2F000D369F /* CartItem.swift */; };
		9615D94B2666D8C8000D369F /* CartViewModel.swift in Sources */ = {isa = PBXBuildFile; fileRef = 9615D94A2666D8C8000D369F /* CartViewModel.swift */; };
		961654442669686500DDCD00 /* CartMethodsExtension.swift in Sources */ = {isa = PBXBuildFile; fileRef = 961654432669686500DDCD00 /* CartMethodsExtension.swift */; };
		9616579B265D5E5400177C12 /* AddAddressTableViewExtension.swift in Sources */ = {isa = PBXBuildFile; fileRef = 9616579A265D5E5400177C12 /* AddAddressTableViewExtension.swift */; };
		961657BC265DAB2000177C12 /* AccountViewModel.swift in Sources */ = {isa = PBXBuildFile; fileRef = 961657BB265DAB2000177C12 /* AccountViewModel.swift */; };
		961EEA38266C0AF8008731EF /* Toast.swift in Sources */ = {isa = PBXBuildFile; fileRef = 961EEA37266C0AF8008731EF /* Toast.swift */; };
		9632B31C265CC0B000D32D2F /* AddAddress.swift in Sources */ = {isa = PBXBuildFile; fileRef = 9632B31B265CC0B000D32D2F /* AddAddress.swift */; };
		9632B323265CC4F400D32D2F /* AddAddressTableViewCell.swift in Sources */ = {isa = PBXBuildFile; fileRef = 9632B322265CC4F400D32D2F /* AddAddressTableViewCell.swift */; };
		963AF846265B25CC00C4E51A /* LocationSearchTableViewController.swift in Sources */ = {isa = PBXBuildFile; fileRef = 963AF845265B25CC00C4E51A /* LocationSearchTableViewController.swift */; };
		964BB7E526598C090087EFB3 /* AccountViewExtension.swift in Sources */ = {isa = PBXBuildFile; fileRef = 964BB7E426598C080087EFB3 /* AccountViewExtension.swift */; };
		964BB7ED26599E4E0087EFB3 /* AccountDetails.swift in Sources */ = {isa = PBXBuildFile; fileRef = 964BB7EC26599E4E0087EFB3 /* AccountDetails.swift */; };
		964FB38B265B68C3009D008D /* LocationSearchExtension.swift in Sources */ = {isa = PBXBuildFile; fileRef = 964FB38A265B68C3009D008D /* LocationSearchExtension.swift */; };
		9659DAB92669149F00F31790 /* CartHandlerViewModel.swift in Sources */ = {isa = PBXBuildFile; fileRef = 9659DAB82669149F00F31790 /* CartHandlerViewModel.swift */; };
		965A450A2659C15700BF3DAE /* FirebaseManager.swift in Sources */ = {isa = PBXBuildFile; fileRef = 965A45092659C15700BF3DAE /* FirebaseManager.swift */; };
		965A45122659D8EB00BF3DAE /* Alert.swift in Sources */ = {isa = PBXBuildFile; fileRef = 965A45112659D8EB00BF3DAE /* Alert.swift */; };
		965A848A26654F4100004F08 /* CartViewController.swift in Sources */ = {isa = PBXBuildFile; fileRef = 965A848926654F4100004F08 /* CartViewController.swift */; };
		965A849026654F8500004F08 /* CartTableViewCell.swift in Sources */ = {isa = PBXBuildFile; fileRef = 965A848F26654F8500004F08 /* CartTableViewCell.swift */; };
		965A84962665630900004F08 /* CartTableViewExtension.swift in Sources */ = {isa = PBXBuildFile; fileRef = 965A84952665630900004F08 /* CartTableViewExtension.swift */; };
		965A84B12665AD3900004F08 /* CartTableViewExtension.swift in Sources */ = {isa = PBXBuildFile; fileRef = 965A84952665630900004F08 /* CartTableViewExtension.swift */; };
		965A84B22665AD3900004F08 /* CartTableViewExtension.swift in Sources */ = {isa = PBXBuildFile; fileRef = 965A84952665630900004F08 /* CartTableViewExtension.swift */; };
		965C5CE2265899F300615A01 /* ProductDetailsExtension.swift in Sources */ = {isa = PBXBuildFile; fileRef = 965C5CE1265899F300615A01 /* ProductDetailsExtension.swift */; };
		965C5CE826589B6E00615A01 /* ScrollableDetailsExtension.swift in Sources */ = {isa = PBXBuildFile; fileRef = 965C5CE726589B6E00615A01 /* ScrollableDetailsExtension.swift */; };
		96603626262E39A900653D91 /* GoogleService-Info.plist in Resources */ = {isa = PBXBuildFile; fileRef = 96603625262E39A900653D91 /* GoogleService-Info.plist */; };
		96633A19265C4EEB00FB1625 /* MapSearch.swift in Sources */ = {isa = PBXBuildFile; fileRef = 96633A18265C4EEB00FB1625 /* MapSearch.swift */; };
		96633A21265C51D100FB1625 /* confirmAddressExtension.swift in Sources */ = {isa = PBXBuildFile; fileRef = 96633A20265C51D100FB1625 /* confirmAddressExtension.swift */; };
		96633A53265C789200FB1625 /* locationManagerExtension.swift in Sources */ = {isa = PBXBuildFile; fileRef = 96633A52265C789200FB1625 /* locationManagerExtension.swift */; };
		96633A5B265C7BA600FB1625 /* LStableViewExtension.swift in Sources */ = {isa = PBXBuildFile; fileRef = 96633A5A265C7BA600FB1625 /* LStableViewExtension.swift */; };
		96633A64265C818C00FB1625 /* ParseAddress.swift in Sources */ = {isa = PBXBuildFile; fileRef = 96633A63265C818C00FB1625 /* ParseAddress.swift */; };
		96633A69265CB00F00FB1625 /* AddAddressTableViewController.swift in Sources */ = {isa = PBXBuildFile; fileRef = 96633A68265CB00F00FB1625 /* AddAddressTableViewController.swift */; };
		968F2AA52655AD3200441252 /* ScrollableProductDetailsViewController.swift in Sources */ = {isa = PBXBuildFile; fileRef = 968F2AA42655AD3200441252 /* ScrollableProductDetailsViewController.swift */; };
		96A2F3502655833900255A63 /* ProductDetailsViewController.swift in Sources */ = {isa = PBXBuildFile; fileRef = 96A2F34F2655833900255A63 /* ProductDetailsViewController.swift */; };
		96AE44ED265971C9000BD1FB /* AccountTableViewCell.swift in Sources */ = {isa = PBXBuildFile; fileRef = 96AE44EC265971C9000BD1FB /* AccountTableViewCell.swift */; };
		96AE44F22659722B000BD1FB /* AccountViewController.swift in Sources */ = {isa = PBXBuildFile; fileRef = 96AE44F12659722B000BD1FB /* AccountViewController.swift */; };
		96B5DEEF2658198D00B598CF /* ItemProtocol.swift in Sources */ = {isa = PBXBuildFile; fileRef = 96B5DEEE2658198D00B598CF /* ItemProtocol.swift */; };
		96B8C1BE263B6A7B008CCA50 /* LoginExtension.swift in Sources */ = {isa = PBXBuildFile; fileRef = 96B8C1BD263B6A7B008CCA50 /* LoginExtension.swift */; };
		96B8C1C4263B6C53008CCA50 /* TextFieldErrors.swift in Sources */ = {isa = PBXBuildFile; fileRef = 96B8C1C3263B6C53008CCA50 /* TextFieldErrors.swift */; };
		96BDCE99266873FF00CF5C9B /* Cart.swift in Sources */ = {isa = PBXBuildFile; fileRef = 96BDCE98266873FF00CF5C9B /* Cart.swift */; };
		96CD373C2651B7CA007B945F /* GetStartedViewController.swift in Sources */ = {isa = PBXBuildFile; fileRef = 96CD373B2651B7CA007B945F /* GetStartedViewController.swift */; };
		96CD37412651B7D5007B945F /* LoginViewController.swift in Sources */ = {isa = PBXBuildFile; fileRef = 96CD37402651B7D4007B945F /* LoginViewController.swift */; };
		96CD37462651B7DC007B945F /* SignUpTableViewController.swift in Sources */ = {isa = PBXBuildFile; fileRef = 96CD37452651B7DC007B945F /* SignUpTableViewController.swift */; };
		96E8F9FD262F4C9E001984A2 /* ViewController.swift in Sources */ = {isa = PBXBuildFile; fileRef = 96E8F9FC262F4C9E001984A2 /* ViewController.swift */; };
		96F9E0B1265ACADF008C47A2 /* AccountTableViewExtension.swift in Sources */ = {isa = PBXBuildFile; fileRef = 96F9E0B0265ACADF008C47A2 /* AccountTableViewExtension.swift */; };
		96F9E0CF265AD648008C47A2 /* ConfirmAddressViewController.swift in Sources */ = {isa = PBXBuildFile; fileRef = 96F9E0CE265AD648008C47A2 /* ConfirmAddressViewController.swift */; };
		A93ECFCD2668F7AE0067E102 /* RoundShadowView.swift in Sources */ = {isa = PBXBuildFile; fileRef = A93ECFCC2668F7AE0067E102 /* RoundShadowView.swift */; };
		A93ECFD12668F7D20067E102 /* CheckoutViewController.swift in Sources */ = {isa = PBXBuildFile; fileRef = A93ECFCF2668F7D20067E102 /* CheckoutViewController.swift */; };
		A93ECFD22668F7D20067E102 /* CheckoutItemTableViewCell.swift in Sources */ = {isa = PBXBuildFile; fileRef = A93ECFD02668F7D20067E102 /* CheckoutItemTableViewCell.swift */; };
		A93ECFD52668F7EE0067E102 /* PlaceOrderViewController.swift in Sources */ = {isa = PBXBuildFile; fileRef = A93ECFD42668F7EE0067E102 /* PlaceOrderViewController.swift */; };
		A93ECFD82668F8140067E102 /* CheckoutExtension+TableView.swift in Sources */ = {isa = PBXBuildFile; fileRef = A93ECFD72668F8140067E102 /* CheckoutExtension+TableView.swift */; };
		A93F94342630FD7100BFCBA2 /* DinaStoryboard.storyboard in Resources */ = {isa = PBXBuildFile; fileRef = A93F94332630FD7100BFCBA2 /* DinaStoryboard.storyboard */; };
		A9916B8E265419050030ADDA /* CategoriesService.swift in Sources */ = {isa = PBXBuildFile; fileRef = A9916B8D265419050030ADDA /* CategoriesService.swift */; };
		A9916B9026542C720030ADDA /* CategoriesViewModel.swift in Sources */ = {isa = PBXBuildFile; fileRef = A9916B8F26542C720030ADDA /* CategoriesViewModel.swift */; };
		A9ACF95E265F0EF700A2ABF7 /* DinaFirebaseManager.swift in Sources */ = {isa = PBXBuildFile; fileRef = A9ACF95D265F0EF700A2ABF7 /* DinaFirebaseManager.swift */; };
		A9ACF960265F0F0600A2ABF7 /* FirebaseProtocol.swift in Sources */ = {isa = PBXBuildFile; fileRef = A9ACF95F265F0F0600A2ABF7 /* FirebaseProtocol.swift */; };
		A9ACF965265F0F6200A2ABF7 /* ExclusiveOffersService.swift in Sources */ = {isa = PBXBuildFile; fileRef = A9ACF964265F0F6200A2ABF7 /* ExclusiveOffersService.swift */; };
		A9ACF967265F0F6700A2ABF7 /* NewArrivalService.swift in Sources */ = {isa = PBXBuildFile; fileRef = A9ACF966265F0F6700A2ABF7 /* NewArrivalService.swift */; };
		A9ACF969265F0FF000A2ABF7 /* NewArrivalCollectionViewCell.swift in Sources */ = {isa = PBXBuildFile; fileRef = A9ACF968265F0FF000A2ABF7 /* NewArrivalCollectionViewCell.swift */; };
		A9ACF96B265F10B100A2ABF7 /* ExclusiveOffersViewModel.swift in Sources */ = {isa = PBXBuildFile; fileRef = A9ACF96A265F10B100A2ABF7 /* ExclusiveOffersViewModel.swift */; };
		A9ACF96D265F10C300A2ABF7 /* NewArrivalViewModel.swift in Sources */ = {isa = PBXBuildFile; fileRef = A9ACF96C265F10C300A2ABF7 /* NewArrivalViewModel.swift */; };
		A9ACF96F265F115100A2ABF7 /* SpecialItem.swift in Sources */ = {isa = PBXBuildFile; fileRef = A9ACF96E265F115000A2ABF7 /* SpecialItem.swift */; };
		A9ACF971265F122A00A2ABF7 /* ShopExtension+CollecionView.swift in Sources */ = {isa = PBXBuildFile; fileRef = A9ACF970265F122A00A2ABF7 /* ShopExtension+CollecionView.swift */; };
		A9C28EE72655A840005CC194 /* ShopTabBarController.swift in Sources */ = {isa = PBXBuildFile; fileRef = A9C28EE62655A840005CC194 /* ShopTabBarController.swift */; };
		A9F3B92A26613C1300BD40AA /* itemTableViewCell.swift in Sources */ = {isa = PBXBuildFile; fileRef = 2F3C594A2653DA7C00D704D5 /* itemTableViewCell.swift */; };
		A9F3B92B26613C1300BD40AA /* itemTableViewCell.swift in Sources */ = {isa = PBXBuildFile; fileRef = 2F3C594A2653DA7C00D704D5 /* itemTableViewCell.swift */; };
		A9FE6DE326532EBB00C6624C /* ExploreTabBarController.swift in Sources */ = {isa = PBXBuildFile; fileRef = A9FE6DE226532EBB00C6624C /* ExploreTabBarController.swift */; };
		A9FE6DE52653371600C6624C /* ExploreExtention+CollectionView.swift in Sources */ = {isa = PBXBuildFile; fileRef = A9FE6DE42653371600C6624C /* ExploreExtention+CollectionView.swift */; };
		A9FE6DE7265341B700C6624C /* ExploreExtension+TableView.swift in Sources */ = {isa = PBXBuildFile; fileRef = A9FE6DE6265341B700C6624C /* ExploreExtension+TableView.swift */; };
		A9FE6DEB265349B800C6624C /* CategoriesCollectionViewCell.swift in Sources */ = {isa = PBXBuildFile; fileRef = A9FE6DEA265349B800C6624C /* CategoriesCollectionViewCell.swift */; };
		A9FE901A2653FF1800B039D2 /* URLs.swift in Sources */ = {isa = PBXBuildFile; fileRef = A9FE90192653FF1800B039D2 /* URLs.swift */; };
		A9FE901D2654005000B039D2 /* Categories.swift in Sources */ = {isa = PBXBuildFile; fileRef = A9FE901C2654005000B039D2 /* Categories.swift */; };
		EEF6FFB14E692BACE6C70B78 /* Pods_Mercado.framework in Frameworks */ = {isa = PBXBuildFile; fileRef = ACE9257348F58865C07322CD /* Pods_Mercado.framework */; };
/* End PBXBuildFile section */

/* Begin PBXContainerItemProxy section */
		2F4533EF2629F7FC000FE74E /* PBXContainerItemProxy */ = {
			isa = PBXContainerItemProxy;
			containerPortal = 2F4533CD2629F7FB000FE74E /* Project object */;
			proxyType = 1;
			remoteGlobalIDString = 2F4533D42629F7FB000FE74E;
			remoteInfo = Mercado;
		};
		2F4533FA2629F7FC000FE74E /* PBXContainerItemProxy */ = {
			isa = PBXContainerItemProxy;
			containerPortal = 2F4533CD2629F7FB000FE74E /* Project object */;
			proxyType = 1;
			remoteGlobalIDString = 2F4533D42629F7FB000FE74E;
			remoteInfo = Mercado;
		};
/* End PBXContainerItemProxy section */

/* Begin PBXFileReference section */
		2F03C4252660294E005DB6AA /* ItemIsFavorite.swift */ = {isa = PBXFileReference; lastKnownFileType = sourcecode.swift; name = ItemIsFavorite.swift; path = Mercado/POJOS/ItemIsFavorite.swift; sourceTree = SOURCE_ROOT; };
		2F3C594A2653DA7C00D704D5 /* itemTableViewCell.swift */ = {isa = PBXFileReference; lastKnownFileType = sourcecode.swift; path = itemTableViewCell.swift; sourceTree = "<group>"; };
		2F3C59532653DDEA00D704D5 /* itemTableExtension.swift */ = {isa = PBXFileReference; lastKnownFileType = sourcecode.swift; path = itemTableExtension.swift; sourceTree = "<group>"; };
		2F3C59832653E06F00D704D5 /* itemsService.swift */ = {isa = PBXFileReference; lastKnownFileType = sourcecode.swift; path = itemsService.swift; sourceTree = "<group>"; };
		2F3C59C02653F5D600D704D5 /* ItemsViewModel.swift */ = {isa = PBXFileReference; lastKnownFileType = sourcecode.swift; path = ItemsViewModel.swift; sourceTree = "<group>"; };
		2F4533D52629F7FB000FE74E /* Mercado.app */ = {isa = PBXFileReference; explicitFileType = wrapper.application; includeInIndex = 0; path = Mercado.app; sourceTree = BUILT_PRODUCTS_DIR; };
		2F4533D82629F7FB000FE74E /* AppDelegate.swift */ = {isa = PBXFileReference; lastKnownFileType = sourcecode.swift; path = AppDelegate.swift; sourceTree = "<group>"; };
		2F4533DA2629F7FB000FE74E /* SceneDelegate.swift */ = {isa = PBXFileReference; lastKnownFileType = sourcecode.swift; path = SceneDelegate.swift; sourceTree = "<group>"; };
		2F4533DF2629F7FB000FE74E /* Base */ = {isa = PBXFileReference; lastKnownFileType = file.storyboard; name = Base; path = Base.lproj/Main.storyboard; sourceTree = "<group>"; };
		2F4533E22629F7FB000FE74E /* Mercado.xcdatamodel */ = {isa = PBXFileReference; lastKnownFileType = wrapper.xcdatamodel; path = Mercado.xcdatamodel; sourceTree = "<group>"; };
		2F4533E42629F7FB000FE74E /* Assets.xcassets */ = {isa = PBXFileReference; lastKnownFileType = folder.assetcatalog; path = Assets.xcassets; sourceTree = "<group>"; };
		2F4533E72629F7FB000FE74E /* Base */ = {isa = PBXFileReference; lastKnownFileType = file.storyboard; name = Base; path = Base.lproj/LaunchScreen.storyboard; sourceTree = "<group>"; };
		2F4533E92629F7FB000FE74E /* Info.plist */ = {isa = PBXFileReference; lastKnownFileType = text.plist.xml; path = Info.plist; sourceTree = "<group>"; };
		2F4533EE2629F7FC000FE74E /* MercadoTests.xctest */ = {isa = PBXFileReference; explicitFileType = wrapper.cfbundle; includeInIndex = 0; path = MercadoTests.xctest; sourceTree = BUILT_PRODUCTS_DIR; };
		2F4533F22629F7FC000FE74E /* MercadoTests.swift */ = {isa = PBXFileReference; lastKnownFileType = sourcecode.swift; path = MercadoTests.swift; sourceTree = "<group>"; };
		2F4533F42629F7FC000FE74E /* Info.plist */ = {isa = PBXFileReference; lastKnownFileType = text.plist.xml; path = Info.plist; sourceTree = "<group>"; };
		2F4533F92629F7FC000FE74E /* MercadoUITests.xctest */ = {isa = PBXFileReference; explicitFileType = wrapper.cfbundle; includeInIndex = 0; path = MercadoUITests.xctest; sourceTree = BUILT_PRODUCTS_DIR; };
		2F4533FD2629F7FC000FE74E /* MercadoUITests.swift */ = {isa = PBXFileReference; lastKnownFileType = sourcecode.swift; path = MercadoUITests.swift; sourceTree = "<group>"; };
		2F4533FF2629F7FC000FE74E /* Info.plist */ = {isa = PBXFileReference; lastKnownFileType = text.plist.xml; path = Info.plist; sourceTree = "<group>"; };
		2F8A8B1B262F28F400128FCD /* LindaStoryboard.storyboard */ = {isa = PBXFileReference; lastKnownFileType = file.storyboard; path = LindaStoryboard.storyboard; sourceTree = "<group>"; };
		2FA30F962652CAAC00E59A77 /* HomeAppliances.swift */ = {isa = PBXFileReference; lastKnownFileType = sourcecode.swift; name = HomeAppliances.swift; path = Mercado/POJOS/HomeAppliances.swift; sourceTree = SOURCE_ROOT; };
		2FA30F9D2652D03100E59A77 /* PersonalCare.swift */ = {isa = PBXFileReference; lastKnownFileType = sourcecode.swift; name = PersonalCare.swift; path = Mercado/POJOS/PersonalCare.swift; sourceTree = SOURCE_ROOT; };
		2FA30FA42652D1E800E59A77 /* WomenBags.swift */ = {isa = PBXFileReference; lastKnownFileType = sourcecode.swift; name = WomenBags.swift; path = Mercado/POJOS/WomenBags.swift; sourceTree = SOURCE_ROOT; };
		2FA30FAE2652D4AB00E59A77 /* WomenClothing.swift */ = {isa = PBXFileReference; lastKnownFileType = sourcecode.swift; name = WomenClothing.swift; path = Mercado/POJOS/WomenClothing.swift; sourceTree = SOURCE_ROOT; };
		2FA30FB52652D79300E59A77 /* SkinCare.swift */ = {isa = PBXFileReference; lastKnownFileType = sourcecode.swift; name = SkinCare.swift; path = Mercado/POJOS/SkinCare.swift; sourceTree = SOURCE_ROOT; };
		2FA30FBC2652DA9C00E59A77 /* MakeUp.swift */ = {isa = PBXFileReference; lastKnownFileType = sourcecode.swift; name = MakeUp.swift; path = Mercado/POJOS/MakeUp.swift; sourceTree = SOURCE_ROOT; };
		2FA30FC32652E00900E59A77 /* TabletsAndMobiles.swift */ = {isa = PBXFileReference; lastKnownFileType = sourcecode.swift; name = TabletsAndMobiles.swift; path = Mercado/POJOS/TabletsAndMobiles.swift; sourceTree = SOURCE_ROOT; };
		2FA30FCA2652E6F400E59A77 /* Laptops.swift */ = {isa = PBXFileReference; lastKnownFileType = sourcecode.swift; name = Laptops.swift; path = Mercado/POJOS/Laptops.swift; sourceTree = SOURCE_ROOT; };
		2FA30FD72652F07000E59A77 /* LaptopBags.swift */ = {isa = PBXFileReference; lastKnownFileType = sourcecode.swift; name = LaptopBags.swift; path = Mercado/POJOS/LaptopBags.swift; sourceTree = SOURCE_ROOT; };
		2FA30FDE2652F7A400E59A77 /* KidsClothing.swift */ = {isa = PBXFileReference; lastKnownFileType = sourcecode.swift; name = KidsClothing.swift; path = Mercado/POJOS/KidsClothing.swift; sourceTree = SOURCE_ROOT; };
		2FA30FE52652F86600E59A77 /* KidsShoes.swift */ = {isa = PBXFileReference; lastKnownFileType = sourcecode.swift; name = KidsShoes.swift; path = Mercado/POJOS/KidsShoes.swift; sourceTree = SOURCE_ROOT; };
		2FA30FF52652FB7D00E59A77 /* itemsTableViewController.swift */ = {isa = PBXFileReference; lastKnownFileType = sourcecode.swift; path = itemsTableViewController.swift; sourceTree = "<group>"; };
		2FC100C1265EF6EE00BF97A5 /* FavoriteService.swift */ = {isa = PBXFileReference; fileEncoding = 4; lastKnownFileType = sourcecode.swift; path = FavoriteService.swift; sourceTree = "<group>"; };
		2FC100C6265EF74600BF97A5 /* FavoriteViewModel.swift */ = {isa = PBXFileReference; fileEncoding = 4; lastKnownFileType = sourcecode.swift; path = FavoriteViewModel.swift; sourceTree = "<group>"; };
		2FC100CB265EF7D800BF97A5 /* FavoriteExtension.swift */ = {isa = PBXFileReference; fileEncoding = 4; lastKnownFileType = sourcecode.swift; path = FavoriteExtension.swift; sourceTree = "<group>"; };
		2FC100D0265EF80900BF97A5 /* FavoriteTableViewCell.swift */ = {isa = PBXFileReference; fileEncoding = 4; lastKnownFileType = sourcecode.swift; path = FavoriteTableViewCell.swift; sourceTree = "<group>"; };
		2FC100D5265EF81B00BF97A5 /* FavoriteTableViewController.swift */ = {isa = PBXFileReference; fileEncoding = 4; lastKnownFileType = sourcecode.swift; path = FavoriteTableViewController.swift; sourceTree = "<group>"; };
		2FE74B4126519400005D6AEA /* StyleSheet.swift */ = {isa = PBXFileReference; lastKnownFileType = sourcecode.swift; path = StyleSheet.swift; sourceTree = "<group>"; };
		2FEB0B8B264EBBDB003D5CAE /* HomeTabBarController.swift */ = {isa = PBXFileReference; lastKnownFileType = sourcecode.swift; path = HomeTabBarController.swift; sourceTree = "<group>"; };
		41444C1DBE14A501F8108FFA /* Pods-Mercado.debug.xcconfig */ = {isa = PBXFileReference; includeInIndex = 1; lastKnownFileType = text.xcconfig; name = "Pods-Mercado.debug.xcconfig"; path = "Target Support Files/Pods-Mercado/Pods-Mercado.debug.xcconfig"; sourceTree = "<group>"; };
		9615D93F26668E2F000D369F /* CartItem.swift */ = {isa = PBXFileReference; lastKnownFileType = sourcecode.swift; name = CartItem.swift; path = Mercado/POJOS/CartItem.swift; sourceTree = SOURCE_ROOT; };
		9615D94A2666D8C8000D369F /* CartViewModel.swift */ = {isa = PBXFileReference; lastKnownFileType = sourcecode.swift; path = CartViewModel.swift; sourceTree = "<group>"; };
		961654432669686500DDCD00 /* CartMethodsExtension.swift */ = {isa = PBXFileReference; lastKnownFileType = sourcecode.swift; path = CartMethodsExtension.swift; sourceTree = "<group>"; };
		9616579A265D5E5400177C12 /* AddAddressTableViewExtension.swift */ = {isa = PBXFileReference; lastKnownFileType = sourcecode.swift; path = AddAddressTableViewExtension.swift; sourceTree = "<group>"; };
		961657BB265DAB2000177C12 /* AccountViewModel.swift */ = {isa = PBXFileReference; lastKnownFileType = sourcecode.swift; path = AccountViewModel.swift; sourceTree = "<group>"; };
		961EEA37266C0AF8008731EF /* Toast.swift */ = {isa = PBXFileReference; lastKnownFileType = sourcecode.swift; path = Toast.swift; sourceTree = "<group>"; };
		9632B31B265CC0B000D32D2F /* AddAddress.swift */ = {isa = PBXFileReference; lastKnownFileType = sourcecode.swift; path = AddAddress.swift; sourceTree = "<group>"; };
		9632B322265CC4F400D32D2F /* AddAddressTableViewCell.swift */ = {isa = PBXFileReference; lastKnownFileType = sourcecode.swift; path = AddAddressTableViewCell.swift; sourceTree = "<group>"; };
		963AF845265B25CC00C4E51A /* LocationSearchTableViewController.swift */ = {isa = PBXFileReference; lastKnownFileType = sourcecode.swift; path = LocationSearchTableViewController.swift; sourceTree = "<group>"; };
		964BB7E426598C080087EFB3 /* AccountViewExtension.swift */ = {isa = PBXFileReference; lastKnownFileType = sourcecode.swift; path = AccountViewExtension.swift; sourceTree = "<group>"; };
		964BB7EC26599E4E0087EFB3 /* AccountDetails.swift */ = {isa = PBXFileReference; lastKnownFileType = sourcecode.swift; path = AccountDetails.swift; sourceTree = "<group>"; };
		964FB38A265B68C3009D008D /* LocationSearchExtension.swift */ = {isa = PBXFileReference; lastKnownFileType = sourcecode.swift; path = LocationSearchExtension.swift; sourceTree = "<group>"; };
		9659DAB82669149F00F31790 /* CartHandlerViewModel.swift */ = {isa = PBXFileReference; lastKnownFileType = sourcecode.swift; path = CartHandlerViewModel.swift; sourceTree = "<group>"; };
		965A45092659C15700BF3DAE /* FirebaseManager.swift */ = {isa = PBXFileReference; lastKnownFileType = sourcecode.swift; path = FirebaseManager.swift; sourceTree = "<group>"; };
		965A45112659D8EB00BF3DAE /* Alert.swift */ = {isa = PBXFileReference; lastKnownFileType = sourcecode.swift; path = Alert.swift; sourceTree = "<group>"; };
		965A848926654F4100004F08 /* CartViewController.swift */ = {isa = PBXFileReference; lastKnownFileType = sourcecode.swift; path = CartViewController.swift; sourceTree = "<group>"; };
		965A848F26654F8500004F08 /* CartTableViewCell.swift */ = {isa = PBXFileReference; lastKnownFileType = sourcecode.swift; path = CartTableViewCell.swift; sourceTree = "<group>"; };
		965A84952665630900004F08 /* CartTableViewExtension.swift */ = {isa = PBXFileReference; lastKnownFileType = sourcecode.swift; path = CartTableViewExtension.swift; sourceTree = "<group>"; };
		965C5CE1265899F300615A01 /* ProductDetailsExtension.swift */ = {isa = PBXFileReference; lastKnownFileType = sourcecode.swift; path = ProductDetailsExtension.swift; sourceTree = "<group>"; };
		965C5CE726589B6E00615A01 /* ScrollableDetailsExtension.swift */ = {isa = PBXFileReference; lastKnownFileType = sourcecode.swift; path = ScrollableDetailsExtension.swift; sourceTree = "<group>"; };
		96603625262E39A900653D91 /* GoogleService-Info.plist */ = {isa = PBXFileReference; fileEncoding = 4; lastKnownFileType = text.plist.xml; path = "GoogleService-Info.plist"; sourceTree = "<group>"; };
		96633A18265C4EEB00FB1625 /* MapSearch.swift */ = {isa = PBXFileReference; lastKnownFileType = sourcecode.swift; path = MapSearch.swift; sourceTree = "<group>"; };
		96633A20265C51D100FB1625 /* confirmAddressExtension.swift */ = {isa = PBXFileReference; lastKnownFileType = sourcecode.swift; path = confirmAddressExtension.swift; sourceTree = "<group>"; };
		96633A52265C789200FB1625 /* locationManagerExtension.swift */ = {isa = PBXFileReference; lastKnownFileType = sourcecode.swift; path = locationManagerExtension.swift; sourceTree = "<group>"; };
		96633A5A265C7BA600FB1625 /* LStableViewExtension.swift */ = {isa = PBXFileReference; lastKnownFileType = sourcecode.swift; path = LStableViewExtension.swift; sourceTree = "<group>"; };
		96633A63265C818C00FB1625 /* ParseAddress.swift */ = {isa = PBXFileReference; lastKnownFileType = sourcecode.swift; path = ParseAddress.swift; sourceTree = "<group>"; };
		96633A68265CB00F00FB1625 /* AddAddressTableViewController.swift */ = {isa = PBXFileReference; lastKnownFileType = sourcecode.swift; path = AddAddressTableViewController.swift; sourceTree = "<group>"; };
		968F2AA42655AD3200441252 /* ScrollableProductDetailsViewController.swift */ = {isa = PBXFileReference; lastKnownFileType = sourcecode.swift; path = ScrollableProductDetailsViewController.swift; sourceTree = "<group>"; };
		96A2F34F2655833900255A63 /* ProductDetailsViewController.swift */ = {isa = PBXFileReference; lastKnownFileType = sourcecode.swift; path = ProductDetailsViewController.swift; sourceTree = "<group>"; };
		96AE44EC265971C9000BD1FB /* AccountTableViewCell.swift */ = {isa = PBXFileReference; lastKnownFileType = sourcecode.swift; path = AccountTableViewCell.swift; sourceTree = "<group>"; };
		96AE44F12659722B000BD1FB /* AccountViewController.swift */ = {isa = PBXFileReference; lastKnownFileType = sourcecode.swift; path = AccountViewController.swift; sourceTree = "<group>"; };
		96B5DEEE2658198D00B598CF /* ItemProtocol.swift */ = {isa = PBXFileReference; lastKnownFileType = sourcecode.swift; path = ItemProtocol.swift; sourceTree = "<group>"; };
		96B8C1BD263B6A7B008CCA50 /* LoginExtension.swift */ = {isa = PBXFileReference; lastKnownFileType = sourcecode.swift; path = LoginExtension.swift; sourceTree = "<group>"; };
		96B8C1C3263B6C53008CCA50 /* TextFieldErrors.swift */ = {isa = PBXFileReference; lastKnownFileType = sourcecode.swift; path = TextFieldErrors.swift; sourceTree = "<group>"; };
		96BDCE98266873FF00CF5C9B /* Cart.swift */ = {isa = PBXFileReference; lastKnownFileType = sourcecode.swift; path = Cart.swift; sourceTree = "<group>"; };
		96CD373B2651B7CA007B945F /* GetStartedViewController.swift */ = {isa = PBXFileReference; fileEncoding = 4; lastKnownFileType = sourcecode.swift; path = GetStartedViewController.swift; sourceTree = "<group>"; };
		96CD37402651B7D4007B945F /* LoginViewController.swift */ = {isa = PBXFileReference; fileEncoding = 4; lastKnownFileType = sourcecode.swift; path = LoginViewController.swift; sourceTree = "<group>"; };
		96CD37452651B7DC007B945F /* SignUpTableViewController.swift */ = {isa = PBXFileReference; fileEncoding = 4; lastKnownFileType = sourcecode.swift; path = SignUpTableViewController.swift; sourceTree = "<group>"; };
		96E8F9FC262F4C9E001984A2 /* ViewController.swift */ = {isa = PBXFileReference; lastKnownFileType = sourcecode.swift; path = ViewController.swift; sourceTree = "<group>"; };
		96F9E0B0265ACADF008C47A2 /* AccountTableViewExtension.swift */ = {isa = PBXFileReference; lastKnownFileType = sourcecode.swift; path = AccountTableViewExtension.swift; sourceTree = "<group>"; };
		96F9E0CE265AD648008C47A2 /* ConfirmAddressViewController.swift */ = {isa = PBXFileReference; lastKnownFileType = sourcecode.swift; path = ConfirmAddressViewController.swift; sourceTree = "<group>"; };
		A93ECFCC2668F7AE0067E102 /* RoundShadowView.swift */ = {isa = PBXFileReference; fileEncoding = 4; lastKnownFileType = sourcecode.swift; path = RoundShadowView.swift; sourceTree = "<group>"; };
		A93ECFCF2668F7D20067E102 /* CheckoutViewController.swift */ = {isa = PBXFileReference; fileEncoding = 4; lastKnownFileType = sourcecode.swift; path = CheckoutViewController.swift; sourceTree = "<group>"; };
		A93ECFD02668F7D20067E102 /* CheckoutItemTableViewCell.swift */ = {isa = PBXFileReference; fileEncoding = 4; lastKnownFileType = sourcecode.swift; path = CheckoutItemTableViewCell.swift; sourceTree = "<group>"; };
		A93ECFD42668F7EE0067E102 /* PlaceOrderViewController.swift */ = {isa = PBXFileReference; fileEncoding = 4; lastKnownFileType = sourcecode.swift; path = PlaceOrderViewController.swift; sourceTree = "<group>"; };
		A93ECFD72668F8140067E102 /* CheckoutExtension+TableView.swift */ = {isa = PBXFileReference; fileEncoding = 4; lastKnownFileType = sourcecode.swift; path = "CheckoutExtension+TableView.swift"; sourceTree = "<group>"; };
		A93F94332630FD7100BFCBA2 /* DinaStoryboard.storyboard */ = {isa = PBXFileReference; fileEncoding = 4; lastKnownFileType = file.storyboard; path = DinaStoryboard.storyboard; sourceTree = "<group>"; };
		A9916B8D265419050030ADDA /* CategoriesService.swift */ = {isa = PBXFileReference; lastKnownFileType = sourcecode.swift; path = CategoriesService.swift; sourceTree = "<group>"; };
		A9916B8F26542C720030ADDA /* CategoriesViewModel.swift */ = {isa = PBXFileReference; lastKnownFileType = sourcecode.swift; path = CategoriesViewModel.swift; sourceTree = "<group>"; };
		A9A7C21A26540DE700F8B214 /* libSDWebImage.a */ = {isa = PBXFileReference; explicitFileType = archive.ar; path = libSDWebImage.a; sourceTree = BUILT_PRODUCTS_DIR; };
		A9ACF95D265F0EF700A2ABF7 /* DinaFirebaseManager.swift */ = {isa = PBXFileReference; fileEncoding = 4; lastKnownFileType = sourcecode.swift; path = DinaFirebaseManager.swift; sourceTree = "<group>"; };
		A9ACF95F265F0F0600A2ABF7 /* FirebaseProtocol.swift */ = {isa = PBXFileReference; fileEncoding = 4; lastKnownFileType = sourcecode.swift; path = FirebaseProtocol.swift; sourceTree = "<group>"; };
		A9ACF964265F0F6200A2ABF7 /* ExclusiveOffersService.swift */ = {isa = PBXFileReference; fileEncoding = 4; lastKnownFileType = sourcecode.swift; path = ExclusiveOffersService.swift; sourceTree = "<group>"; };
		A9ACF966265F0F6700A2ABF7 /* NewArrivalService.swift */ = {isa = PBXFileReference; lastKnownFileType = sourcecode.swift; path = NewArrivalService.swift; sourceTree = "<group>"; };
		A9ACF968265F0FF000A2ABF7 /* NewArrivalCollectionViewCell.swift */ = {isa = PBXFileReference; fileEncoding = 4; lastKnownFileType = sourcecode.swift; path = NewArrivalCollectionViewCell.swift; sourceTree = "<group>"; };
		A9ACF96A265F10B100A2ABF7 /* ExclusiveOffersViewModel.swift */ = {isa = PBXFileReference; fileEncoding = 4; lastKnownFileType = sourcecode.swift; path = ExclusiveOffersViewModel.swift; sourceTree = "<group>"; };
		A9ACF96C265F10C300A2ABF7 /* NewArrivalViewModel.swift */ = {isa = PBXFileReference; fileEncoding = 4; lastKnownFileType = sourcecode.swift; path = NewArrivalViewModel.swift; sourceTree = "<group>"; };
		A9ACF96E265F115000A2ABF7 /* SpecialItem.swift */ = {isa = PBXFileReference; fileEncoding = 4; lastKnownFileType = sourcecode.swift; path = SpecialItem.swift; sourceTree = "<group>"; };
		A9ACF970265F122A00A2ABF7 /* ShopExtension+CollecionView.swift */ = {isa = PBXFileReference; fileEncoding = 4; lastKnownFileType = sourcecode.swift; path = "ShopExtension+CollecionView.swift"; sourceTree = "<group>"; };
		A9C28EE62655A840005CC194 /* ShopTabBarController.swift */ = {isa = PBXFileReference; lastKnownFileType = sourcecode.swift; path = ShopTabBarController.swift; sourceTree = "<group>"; };
		A9FE6DE226532EBB00C6624C /* ExploreTabBarController.swift */ = {isa = PBXFileReference; lastKnownFileType = sourcecode.swift; path = ExploreTabBarController.swift; sourceTree = "<group>"; };
		A9FE6DE42653371600C6624C /* ExploreExtention+CollectionView.swift */ = {isa = PBXFileReference; lastKnownFileType = sourcecode.swift; path = "ExploreExtention+CollectionView.swift"; sourceTree = "<group>"; };
		A9FE6DE6265341B700C6624C /* ExploreExtension+TableView.swift */ = {isa = PBXFileReference; lastKnownFileType = sourcecode.swift; path = "ExploreExtension+TableView.swift"; sourceTree = "<group>"; };
		A9FE6DEA265349B800C6624C /* CategoriesCollectionViewCell.swift */ = {isa = PBXFileReference; lastKnownFileType = sourcecode.swift; path = CategoriesCollectionViewCell.swift; sourceTree = "<group>"; };
		A9FE90192653FF1800B039D2 /* URLs.swift */ = {isa = PBXFileReference; lastKnownFileType = sourcecode.swift; path = URLs.swift; sourceTree = "<group>"; };
		A9FE901C2654005000B039D2 /* Categories.swift */ = {isa = PBXFileReference; lastKnownFileType = sourcecode.swift; name = Categories.swift; path = Mercado/Constants/Categories.swift; sourceTree = SOURCE_ROOT; };
		ACE9257348F58865C07322CD /* Pods_Mercado.framework */ = {isa = PBXFileReference; explicitFileType = wrapper.framework; includeInIndex = 0; path = Pods_Mercado.framework; sourceTree = BUILT_PRODUCTS_DIR; };
		C25EDD5FC8C8D356244DF46A /* Pods-Mercado.release.xcconfig */ = {isa = PBXFileReference; includeInIndex = 1; lastKnownFileType = text.xcconfig; name = "Pods-Mercado.release.xcconfig"; path = "Target Support Files/Pods-Mercado/Pods-Mercado.release.xcconfig"; sourceTree = "<group>"; };
/* End PBXFileReference section */

/* Begin PBXFrameworksBuildPhase section */
		2F4533D22629F7FB000FE74E /* Frameworks */ = {
			isa = PBXFrameworksBuildPhase;
			buildActionMask = 2147483647;
			files = (
				EEF6FFB14E692BACE6C70B78 /* Pods_Mercado.framework in Frameworks */,
			);
			runOnlyForDeploymentPostprocessing = 0;
		};
		2F4533EB2629F7FC000FE74E /* Frameworks */ = {
			isa = PBXFrameworksBuildPhase;
			buildActionMask = 2147483647;
			files = (
			);
			runOnlyForDeploymentPostprocessing = 0;
		};
		2F4533F62629F7FC000FE74E /* Frameworks */ = {
			isa = PBXFrameworksBuildPhase;
			buildActionMask = 2147483647;
			files = (
			);
			runOnlyForDeploymentPostprocessing = 0;
		};
/* End PBXFrameworksBuildPhase section */

/* Begin PBXGroup section */
		2F3C59822653E04E00D704D5 /* Models */ = {
			isa = PBXGroup;
			children = (
				A9ACF963265F0F3B00A2ABF7 /* DatabaseModels */,
				2F3C59B72653F3A600D704D5 /* NetworkModels */,
			);
			path = Models;
			sourceTree = "<group>";
		};
		2F3C59B72653F3A600D704D5 /* NetworkModels */ = {
			isa = PBXGroup;
			children = (
				A9916B8D265419050030ADDA /* CategoriesService.swift */,
				2F3C59832653E06F00D704D5 /* itemsService.swift */,
			);
			path = NetworkModels;
			sourceTree = "<group>";
		};
		2F4533CC2629F7FB000FE74E = {
			isa = PBXGroup;
			children = (
				2F4533D72629F7FB000FE74E /* Mercado */,
				2F4533F12629F7FC000FE74E /* MercadoTests */,
				2F4533FC2629F7FC000FE74E /* MercadoUITests */,
				2F4533D62629F7FB000FE74E /* Products */,
				77703BC71335E2C1B20171DA /* Pods */,
				AE3342E7556D3C940EBFB5FB /* Frameworks */,
			);
			sourceTree = "<group>";
		};
		2F4533D62629F7FB000FE74E /* Products */ = {
			isa = PBXGroup;
			children = (
				2F4533D52629F7FB000FE74E /* Mercado.app */,
				2F4533EE2629F7FC000FE74E /* MercadoTests.xctest */,
				2F4533F92629F7FC000FE74E /* MercadoUITests.xctest */,
			);
			name = Products;
			sourceTree = "<group>";
		};
		2F4533D72629F7FB000FE74E /* Mercado */ = {
			isa = PBXGroup;
			children = (
				96B5DEED2658197100B598CF /* Contracts */,
				2F3C59822653E04E00D704D5 /* Models */,
				2F8A8B20262F290100128FCD /* Views */,
				96CD37542651C8BF007B945F /* ViewModels */,
				96CD37532651C114007B945F /* POJOs */,
				96B8C1C2263B6C2D008CCA50 /* Constants */,
				96B8C1BC263B6A04008CCA50 /* Extensions */,
				96603625262E39A900653D91 /* GoogleService-Info.plist */,
				2F4533D82629F7FB000FE74E /* AppDelegate.swift */,
				2F4533DA2629F7FB000FE74E /* SceneDelegate.swift */,
				2F4533E42629F7FB000FE74E /* Assets.xcassets */,
				2F4533E62629F7FB000FE74E /* LaunchScreen.storyboard */,
				2F4533E92629F7FB000FE74E /* Info.plist */,
				2F4533E12629F7FB000FE74E /* Mercado.xcdatamodeld */,
				96E8F9FC262F4C9E001984A2 /* ViewController.swift */,
			);
			path = Mercado;
			sourceTree = "<group>";
		};
		2F4533F12629F7FC000FE74E /* MercadoTests */ = {
			isa = PBXGroup;
			children = (
				2F4533F22629F7FC000FE74E /* MercadoTests.swift */,
				2F4533F42629F7FC000FE74E /* Info.plist */,
			);
			path = MercadoTests;
			sourceTree = "<group>";
		};
		2F4533FC2629F7FC000FE74E /* MercadoUITests */ = {
			isa = PBXGroup;
			children = (
				2F4533FD2629F7FC000FE74E /* MercadoUITests.swift */,
				2F4533FF2629F7FC000FE74E /* Info.plist */,
			);
			path = MercadoUITests;
			sourceTree = "<group>";
		};
		2F8A8B20262F290100128FCD /* Views */ = {
			isa = PBXGroup;
			children = (
				A93F94332630FD7100BFCBA2 /* DinaStoryboard.storyboard */,
				2F8A8B1B262F28F400128FCD /* LindaStoryboard.storyboard */,
				2F4533DE2629F7FB000FE74E /* Main.storyboard */,
				96B8C1C9263B769A008CCA50 /* Controllers */,
			);
			path = Views;
			sourceTree = "<group>";
		};
		77703BC71335E2C1B20171DA /* Pods */ = {
			isa = PBXGroup;
			children = (
				41444C1DBE14A501F8108FFA /* Pods-Mercado.debug.xcconfig */,
				C25EDD5FC8C8D356244DF46A /* Pods-Mercado.release.xcconfig */,
			);
			path = Pods;
			sourceTree = "<group>";
		};
		9615D93B26667C59000D369F /* Cart */ = {
			isa = PBXGroup;
			children = (
				9615D94A2666D8C8000D369F /* CartViewModel.swift */,
				9659DAB82669149F00F31790 /* CartHandlerViewModel.swift */,
			);
			name = Cart;
			sourceTree = "<group>";
		};
		96165799265D5E2700177C12 /* AddAddress */ = {
			isa = PBXGroup;
			children = (
				9616579A265D5E5400177C12 /* AddAddressTableViewExtension.swift */,
			);
			path = AddAddress;
			sourceTree = "<group>";
		};
		961657BA265DAB0C00177C12 /* Account */ = {
			isa = PBXGroup;
			children = (
				961657BB265DAB2000177C12 /* AccountViewModel.swift */,
			);
			name = Account;
			sourceTree = "<group>";
		};
		9625E82626644BB700F52E44 /* Home */ = {
			isa = PBXGroup;
			children = (
				2FEB0B8B264EBBDB003D5CAE /* HomeTabBarController.swift */,
			);
			path = Home;
			sourceTree = "<group>";
		};
		9632B31A265CC08700D32D2F /* AddAddress */ = {
			isa = PBXGroup;
			children = (
				9632B31B265CC0B000D32D2F /* AddAddress.swift */,
			);
			path = AddAddress;
			sourceTree = "<group>";
		};
		9632B320265CC4C100D32D2F /* AddAddress */ = {
			isa = PBXGroup;
			children = (
				9632B321265CC4CE00D32D2F /* cell */,
				96633A68265CB00F00FB1625 /* AddAddressTableViewController.swift */,
			);
			path = AddAddress;
			sourceTree = "<group>";
		};
		9632B321265CC4CE00D32D2F /* cell */ = {
			isa = PBXGroup;
			children = (
				9632B322265CC4F400D32D2F /* AddAddressTableViewCell.swift */,
			);
			path = cell;
			sourceTree = "<group>";
		};
		963AF844265B25A200C4E51A /* LocationSearch */ = {
			isa = PBXGroup;
			children = (
				963AF845265B25CC00C4E51A /* LocationSearchTableViewController.swift */,
			);
			path = LocationSearch;
			sourceTree = "<group>";
		};
		964BB7E326598BE20087EFB3 /* Account */ = {
			isa = PBXGroup;
			children = (
				964BB7E426598C080087EFB3 /* AccountViewExtension.swift */,
				96F9E0B0265ACADF008C47A2 /* AccountTableViewExtension.swift */,
			);
			path = Account;
			sourceTree = "<group>";
		};
		964FB388265B685E009D008D /* Shipping Address */ = {
			isa = PBXGroup;
			children = (
				96165799265D5E2700177C12 /* AddAddress */,
				96633A51265C784B00FB1625 /* Map */,
				964FB389265B6891009D008D /* LocationSearch */,
			);
			path = "Shipping Address";
			sourceTree = "<group>";
		};
		964FB389265B6891009D008D /* LocationSearch */ = {
			isa = PBXGroup;
			children = (
				964FB38A265B68C3009D008D /* LocationSearchExtension.swift */,
				96633A5A265C7BA600FB1625 /* LStableViewExtension.swift */,
			);
			path = LocationSearch;
			sourceTree = "<group>";
		};
		965A458D265A011900BF3DAE /* Cell */ = {
			isa = PBXGroup;
			children = (
				96AE44EC265971C9000BD1FB /* AccountTableViewCell.swift */,
			);
			path = Cell;
			sourceTree = "<group>";
		};
		965A848826654F1A00004F08 /* Cart */ = {
			isa = PBXGroup;
			children = (
				965A848E26654F4800004F08 /* Cell */,
				965A848926654F4100004F08 /* CartViewController.swift */,
				9625E82626644BB700F52E44 /* Home */,
			);
			path = Cart;
			sourceTree = "<group>";
		};
		965A848E26654F4800004F08 /* Cell */ = {
			isa = PBXGroup;
			children = (
				965A848F26654F8500004F08 /* CartTableViewCell.swift */,
			);
			path = Cell;
			sourceTree = "<group>";
		};
		965A8494266562EA00004F08 /* Cart */ = {
			isa = PBXGroup;
			children = (
				965A84952665630900004F08 /* CartTableViewExtension.swift */,
				961654432669686500DDCD00 /* CartMethodsExtension.swift */,
			);
			path = Cart;
			sourceTree = "<group>";
		};
		965C5CE626589B3D00615A01 /* ProductDetails */ = {
			isa = PBXGroup;
			children = (
				965C5CE1265899F300615A01 /* ProductDetailsExtension.swift */,
				965C5CE726589B6E00615A01 /* ScrollableDetailsExtension.swift */,
			);
			path = ProductDetails;
			sourceTree = "<group>";
		};
		96633A17265C4EC000FB1625 /* MapSearch */ = {
			isa = PBXGroup;
			children = (
				96633A18265C4EEB00FB1625 /* MapSearch.swift */,
			);
			path = MapSearch;
			sourceTree = "<group>";
		};
		96633A51265C784B00FB1625 /* Map */ = {
			isa = PBXGroup;
			children = (
				96633A20265C51D100FB1625 /* confirmAddressExtension.swift */,
				96633A52265C789200FB1625 /* locationManagerExtension.swift */,
			);
			path = Map;
			sourceTree = "<group>";
		};
		96633A5F265C7D3800FB1625 /* Map */ = {
			isa = PBXGroup;
			children = (
				96F9E0CE265AD648008C47A2 /* ConfirmAddressViewController.swift */,
			);
			path = Map;
			sourceTree = "<group>";
		};
		968F2AAC2655C19000441252 /* ProductDetails */ = {
			isa = PBXGroup;
			children = (
				96A2F34F2655833900255A63 /* ProductDetailsViewController.swift */,
				968F2AA42655AD3200441252 /* ScrollableProductDetailsViewController.swift */,
			);
			path = ProductDetails;
			sourceTree = "<group>";
		};
		96AE44F626597C29000BD1FB /* Account */ = {
			isa = PBXGroup;
			children = (
				965A458D265A011900BF3DAE /* Cell */,
				96AE44F12659722B000BD1FB /* AccountViewController.swift */,
			);
			path = Account;
			sourceTree = "<group>";
		};
		96B5DEED2658197100B598CF /* Contracts */ = {
			isa = PBXGroup;
			children = (
				9632B31A265CC08700D32D2F /* AddAddress */,
				96633A17265C4EC000FB1625 /* MapSearch */,
				96B5DEEE2658198D00B598CF /* ItemProtocol.swift */,
				A9ACF95D265F0EF700A2ABF7 /* DinaFirebaseManager.swift */,
				A9ACF95F265F0F0600A2ABF7 /* FirebaseProtocol.swift */,
			);
			path = Contracts;
			sourceTree = "<group>";
		};
		96B8C1BC263B6A04008CCA50 /* Extensions */ = {
			isa = PBXGroup;
			children = (
				965A8494266562EA00004F08 /* Cart */,
				A93ECFD62668F8140067E102 /* Checkout */,
				A9F3B93126613D3700BD40AA /* Shop */,
				A9F3B93026613D2800BD40AA /* ItemList */,
				A9F3B92F26613D1700BD40AA /* Explore */,
				A9F3B92E26613D0300BD40AA /* Favorite  */,
				964FB388265B685E009D008D /* Shipping Address */,
				964BB7E326598BE20087EFB3 /* Account */,
				96F9E0AE265ACA62008C47A2 /* Login */,
				965C5CE626589B3D00615A01 /* ProductDetails */,
			);
			path = Extensions;
			sourceTree = "<group>";
		};
		96B8C1C2263B6C2D008CCA50 /* Constants */ = {
			isa = PBXGroup;
			children = (
				A93ECFCC2668F7AE0067E102 /* RoundShadowView.swift */,
				96B8C1C3263B6C53008CCA50 /* TextFieldErrors.swift */,
				2FE74B4126519400005D6AEA /* StyleSheet.swift */,
				A9FE90192653FF1800B039D2 /* URLs.swift */,
				964BB7EC26599E4E0087EFB3 /* AccountDetails.swift */,
				965A45112659D8EB00BF3DAE /* Alert.swift */,
				96633A63265C818C00FB1625 /* ParseAddress.swift */,
				96BDCE98266873FF00CF5C9B /* Cart.swift */,
				961EEA37266C0AF8008731EF /* Toast.swift */,
			);
			path = Constants;
			sourceTree = "<group>";
		};
		96B8C1C9263B769A008CCA50 /* Controllers */ = {
			isa = PBXGroup;
			children = (
				A93ECFD32668F7EE0067E102 /* Place Order */,
				A93ECFCE2668F7D20067E102 /* Checkout */,
				965A848826654F1A00004F08 /* Cart */,
				A9F3B92D26613C3900BD40AA /* Get Started */,
				A9F3B92C26613C1E00BD40AA /* Signup */,
				A9F3B92926613BFC00BD40AA /* ItemsList */,
				A9F3B92826613BE500BD40AA /* Explore */,
				A9F3B92726613BCD00BD40AA /* Shop */,
				A9F3B92626613BAD00BD40AA /* Favorite */,
				96F9E0CD265AD623008C47A2 /* Shipping Address */,
				96F9E0AF265ACA6E008C47A2 /* Login */,
				96AE44F626597C29000BD1FB /* Account */,
				968F2AAC2655C19000441252 /* ProductDetails */,
			);
			path = Controllers;
			sourceTree = "<group>";
		};
		96CD37532651C114007B945F /* POJOs */ = {
			isa = PBXGroup;
			children = (
				2FA30F962652CAAC00E59A77 /* HomeAppliances.swift */,
				2FA30F9D2652D03100E59A77 /* PersonalCare.swift */,
				2FA30FA42652D1E800E59A77 /* WomenBags.swift */,
				2FA30FAE2652D4AB00E59A77 /* WomenClothing.swift */,
				2FA30FB52652D79300E59A77 /* SkinCare.swift */,
				2FA30FBC2652DA9C00E59A77 /* MakeUp.swift */,
				2FA30FC32652E00900E59A77 /* TabletsAndMobiles.swift */,
				2FA30FCA2652E6F400E59A77 /* Laptops.swift */,
				2FA30FD72652F07000E59A77 /* LaptopBags.swift */,
				2FA30FDE2652F7A400E59A77 /* KidsClothing.swift */,
				2FA30FE52652F86600E59A77 /* KidsShoes.swift */,
				A9FE901C2654005000B039D2 /* Categories.swift */,
				A9ACF96E265F115000A2ABF7 /* SpecialItem.swift */,
				2F03C4252660294E005DB6AA /* ItemIsFavorite.swift */,
				9615D93F26668E2F000D369F /* CartItem.swift */,
			);
			path = POJOs;
			sourceTree = "<group>";
		};
		96CD37542651C8BF007B945F /* ViewModels */ = {
			isa = PBXGroup;
			children = (
				9615D93B26667C59000D369F /* Cart */,
				A9F3B93526613DBB00BD40AA /* Favorite */,
				A9F3B93426613DAF00BD40AA /* Explore */,
				A9F3B93326613DA000BD40AA /* Shop */,
				A9F3B93226613D9400BD40AA /* ItemList */,
				961657BA265DAB0C00177C12 /* Account */,
			);
			name = ViewModels;
			sourceTree = "<group>";
		};
		96F9E0AE265ACA62008C47A2 /* Login */ = {
			isa = PBXGroup;
			children = (
				96B8C1BD263B6A7B008CCA50 /* LoginExtension.swift */,
			);
			path = Login;
			sourceTree = "<group>";
		};
		96F9E0AF265ACA6E008C47A2 /* Login */ = {
			isa = PBXGroup;
			children = (
				96CD37402651B7D4007B945F /* LoginViewController.swift */,
			);
			path = Login;
			sourceTree = "<group>";
		};
		96F9E0CD265AD623008C47A2 /* Shipping Address */ = {
			isa = PBXGroup;
			children = (
				9632B320265CC4C100D32D2F /* AddAddress */,
				96633A5F265C7D3800FB1625 /* Map */,
				963AF844265B25A200C4E51A /* LocationSearch */,
			);
			path = "Shipping Address";
			sourceTree = "<group>";
		};
		A93ECFCE2668F7D20067E102 /* Checkout */ = {
			isa = PBXGroup;
			children = (
				A93ECFCF2668F7D20067E102 /* CheckoutViewController.swift */,
				A93ECFD02668F7D20067E102 /* CheckoutItemTableViewCell.swift */,
			);
			path = Checkout;
			sourceTree = "<group>";
		};
		A93ECFD32668F7EE0067E102 /* Place Order */ = {
			isa = PBXGroup;
			children = (
				A93ECFD42668F7EE0067E102 /* PlaceOrderViewController.swift */,
			);
			path = "Place Order";
			sourceTree = "<group>";
		};
		A93ECFD62668F8140067E102 /* Checkout */ = {
			isa = PBXGroup;
			children = (
				A93ECFD72668F8140067E102 /* CheckoutExtension+TableView.swift */,
			);
			path = Checkout;
			sourceTree = "<group>";
		};
		A9ACF963265F0F3B00A2ABF7 /* DatabaseModels */ = {
			isa = PBXGroup;
			children = (
				965A45092659C15700BF3DAE /* FirebaseManager.swift */,
				A9ACF964265F0F6200A2ABF7 /* ExclusiveOffersService.swift */,
				A9ACF966265F0F6700A2ABF7 /* NewArrivalService.swift */,
				2FC100C1265EF6EE00BF97A5 /* FavoriteService.swift */,
			);
			path = DatabaseModels;
			sourceTree = "<group>";
		};
		A9F3B92626613BAD00BD40AA /* Favorite */ = {
			isa = PBXGroup;
			children = (
				2FC100D5265EF81B00BF97A5 /* FavoriteTableViewController.swift */,
				2FC100D0265EF80900BF97A5 /* FavoriteTableViewCell.swift */,
			);
			path = Favorite;
			sourceTree = "<group>";
		};
		A9F3B92726613BCD00BD40AA /* Shop */ = {
			isa = PBXGroup;
			children = (
				A9C28EE62655A840005CC194 /* ShopTabBarController.swift */,
				A9ACF968265F0FF000A2ABF7 /* NewArrivalCollectionViewCell.swift */,
			);
			path = Shop;
			sourceTree = "<group>";
		};
		A9F3B92826613BE500BD40AA /* Explore */ = {
			isa = PBXGroup;
			children = (
				A9FE6DE226532EBB00C6624C /* ExploreTabBarController.swift */,
				A9FE6DEA265349B800C6624C /* CategoriesCollectionViewCell.swift */,
			);
			path = Explore;
			sourceTree = "<group>";
		};
		A9F3B92926613BFC00BD40AA /* ItemsList */ = {
			isa = PBXGroup;
			children = (
				2FA30FF52652FB7D00E59A77 /* itemsTableViewController.swift */,
				2F3C594A2653DA7C00D704D5 /* itemTableViewCell.swift */,
			);
			path = ItemsList;
			sourceTree = "<group>";
		};
		A9F3B92C26613C1E00BD40AA /* Signup */ = {
			isa = PBXGroup;
			children = (
				96CD37452651B7DC007B945F /* SignUpTableViewController.swift */,
			);
			path = Signup;
			sourceTree = "<group>";
		};
		A9F3B92D26613C3900BD40AA /* Get Started */ = {
			isa = PBXGroup;
			children = (
				96CD373B2651B7CA007B945F /* GetStartedViewController.swift */,
			);
			path = "Get Started";
			sourceTree = "<group>";
		};
		A9F3B92E26613D0300BD40AA /* Favorite  */ = {
			isa = PBXGroup;
			children = (
				2FC100CB265EF7D800BF97A5 /* FavoriteExtension.swift */,
			);
			path = "Favorite ";
			sourceTree = "<group>";
		};
		A9F3B92F26613D1700BD40AA /* Explore */ = {
			isa = PBXGroup;
			children = (
				A9FE6DE42653371600C6624C /* ExploreExtention+CollectionView.swift */,
				A9FE6DE6265341B700C6624C /* ExploreExtension+TableView.swift */,
			);
			path = Explore;
			sourceTree = "<group>";
		};
		A9F3B93026613D2800BD40AA /* ItemList */ = {
			isa = PBXGroup;
			children = (
				2F3C59532653DDEA00D704D5 /* itemTableExtension.swift */,
			);
			path = ItemList;
			sourceTree = "<group>";
		};
		A9F3B93126613D3700BD40AA /* Shop */ = {
			isa = PBXGroup;
			children = (
				A9ACF970265F122A00A2ABF7 /* ShopExtension+CollecionView.swift */,
			);
			path = Shop;
			sourceTree = "<group>";
		};
		A9F3B93226613D9400BD40AA /* ItemList */ = {
			isa = PBXGroup;
			children = (
				2F3C59C02653F5D600D704D5 /* ItemsViewModel.swift */,
			);
			name = ItemList;
			sourceTree = "<group>";
		};
		A9F3B93326613DA000BD40AA /* Shop */ = {
			isa = PBXGroup;
			children = (
				A9ACF96A265F10B100A2ABF7 /* ExclusiveOffersViewModel.swift */,
				A9ACF96C265F10C300A2ABF7 /* NewArrivalViewModel.swift */,
			);
			name = Shop;
			sourceTree = "<group>";
		};
		A9F3B93426613DAF00BD40AA /* Explore */ = {
			isa = PBXGroup;
			children = (
				A9916B8F26542C720030ADDA /* CategoriesViewModel.swift */,
			);
			name = Explore;
			sourceTree = "<group>";
		};
		A9F3B93526613DBB00BD40AA /* Favorite */ = {
			isa = PBXGroup;
			children = (
				2FC100C6265EF74600BF97A5 /* FavoriteViewModel.swift */,
			);
			name = Favorite;
			sourceTree = "<group>";
		};
		AE3342E7556D3C940EBFB5FB /* Frameworks */ = {
			isa = PBXGroup;
			children = (
				A9A7C21A26540DE700F8B214 /* libSDWebImage.a */,
				ACE9257348F58865C07322CD /* Pods_Mercado.framework */,
			);
			name = Frameworks;
			sourceTree = "<group>";
		};
/* End PBXGroup section */

/* Begin PBXNativeTarget section */
		2F4533D42629F7FB000FE74E /* Mercado */ = {
			isa = PBXNativeTarget;
			buildConfigurationList = 2F4534022629F7FC000FE74E /* Build configuration list for PBXNativeTarget "Mercado" */;
			buildPhases = (
				81CE8A8E5FD450F54DBAF605 /* [CP] Check Pods Manifest.lock */,
				2F4533D12629F7FB000FE74E /* Sources */,
				2F4533D22629F7FB000FE74E /* Frameworks */,
				2F4533D32629F7FB000FE74E /* Resources */,
				CC5D1061DA47D40F9514D26F /* [CP] Embed Pods Frameworks */,
				7BCEEFB7412F7B87131734E4 /* [CP] Copy Pods Resources */,
			);
			buildRules = (
			);
			dependencies = (
			);
			name = Mercado;
			productName = Mercado;
			productReference = 2F4533D52629F7FB000FE74E /* Mercado.app */;
			productType = "com.apple.product-type.application";
		};
		2F4533ED2629F7FC000FE74E /* MercadoTests */ = {
			isa = PBXNativeTarget;
			buildConfigurationList = 2F4534052629F7FC000FE74E /* Build configuration list for PBXNativeTarget "MercadoTests" */;
			buildPhases = (
				2F4533EA2629F7FC000FE74E /* Sources */,
				2F4533EB2629F7FC000FE74E /* Frameworks */,
				2F4533EC2629F7FC000FE74E /* Resources */,
			);
			buildRules = (
			);
			dependencies = (
				2F4533F02629F7FC000FE74E /* PBXTargetDependency */,
			);
			name = MercadoTests;
			productName = MercadoTests;
			productReference = 2F4533EE2629F7FC000FE74E /* MercadoTests.xctest */;
			productType = "com.apple.product-type.bundle.unit-test";
		};
		2F4533F82629F7FC000FE74E /* MercadoUITests */ = {
			isa = PBXNativeTarget;
			buildConfigurationList = 2F4534082629F7FC000FE74E /* Build configuration list for PBXNativeTarget "MercadoUITests" */;
			buildPhases = (
				2F4533F52629F7FC000FE74E /* Sources */,
				2F4533F62629F7FC000FE74E /* Frameworks */,
				2F4533F72629F7FC000FE74E /* Resources */,
			);
			buildRules = (
			);
			dependencies = (
				2F4533FB2629F7FC000FE74E /* PBXTargetDependency */,
			);
			name = MercadoUITests;
			productName = MercadoUITests;
			productReference = 2F4533F92629F7FC000FE74E /* MercadoUITests.xctest */;
			productType = "com.apple.product-type.bundle.ui-testing";
		};
/* End PBXNativeTarget section */

/* Begin PBXProject section */
		2F4533CD2629F7FB000FE74E /* Project object */ = {
			isa = PBXProject;
			attributes = {
				LastSwiftUpdateCheck = 1240;
				LastUpgradeCheck = 1240;
				TargetAttributes = {
					2F4533D42629F7FB000FE74E = {
						CreatedOnToolsVersion = 12.4;
					};
					2F4533ED2629F7FC000FE74E = {
						CreatedOnToolsVersion = 12.4;
						TestTargetID = 2F4533D42629F7FB000FE74E;
					};
					2F4533F82629F7FC000FE74E = {
						CreatedOnToolsVersion = 12.4;
						TestTargetID = 2F4533D42629F7FB000FE74E;
					};
				};
			};
			buildConfigurationList = 2F4533D02629F7FB000FE74E /* Build configuration list for PBXProject "Mercado" */;
			compatibilityVersion = "Xcode 9.3";
			developmentRegion = en;
			hasScannedForEncodings = 0;
			knownRegions = (
				en,
				Base,
			);
			mainGroup = 2F4533CC2629F7FB000FE74E;
			productRefGroup = 2F4533D62629F7FB000FE74E /* Products */;
			projectDirPath = "";
			projectRoot = "";
			targets = (
				2F4533D42629F7FB000FE74E /* Mercado */,
				2F4533ED2629F7FC000FE74E /* MercadoTests */,
				2F4533F82629F7FC000FE74E /* MercadoUITests */,
			);
		};
/* End PBXProject section */

/* Begin PBXResourcesBuildPhase section */
		2F4533D32629F7FB000FE74E /* Resources */ = {
			isa = PBXResourcesBuildPhase;
			buildActionMask = 2147483647;
			files = (
				2F4533E82629F7FB000FE74E /* LaunchScreen.storyboard in Resources */,
				A93F94342630FD7100BFCBA2 /* DinaStoryboard.storyboard in Resources */,
				96603626262E39A900653D91 /* GoogleService-Info.plist in Resources */,
				2F4533E52629F7FB000FE74E /* Assets.xcassets in Resources */,
				2F8A8B1C262F28F400128FCD /* LindaStoryboard.storyboard in Resources */,
				2F4533E02629F7FB000FE74E /* Main.storyboard in Resources */,
			);
			runOnlyForDeploymentPostprocessing = 0;
		};
		2F4533EC2629F7FC000FE74E /* Resources */ = {
			isa = PBXResourcesBuildPhase;
			buildActionMask = 2147483647;
			files = (
			);
			runOnlyForDeploymentPostprocessing = 0;
		};
		2F4533F72629F7FC000FE74E /* Resources */ = {
			isa = PBXResourcesBuildPhase;
			buildActionMask = 2147483647;
			files = (
			);
			runOnlyForDeploymentPostprocessing = 0;
		};
/* End PBXResourcesBuildPhase section */

/* Begin PBXShellScriptBuildPhase section */
		7BCEEFB7412F7B87131734E4 /* [CP] Copy Pods Resources */ = {
			isa = PBXShellScriptBuildPhase;
			buildActionMask = 2147483647;
			files = (
			);
			inputFileListPaths = (
				"${PODS_ROOT}/Target Support Files/Pods-Mercado/Pods-Mercado-resources-${CONFIGURATION}-input-files.xcfilelist",
			);
			name = "[CP] Copy Pods Resources";
			outputFileListPaths = (
				"${PODS_ROOT}/Target Support Files/Pods-Mercado/Pods-Mercado-resources-${CONFIGURATION}-output-files.xcfilelist",
			);
			runOnlyForDeploymentPostprocessing = 0;
			shellPath = /bin/sh;
			shellScript = "\"${PODS_ROOT}/Target Support Files/Pods-Mercado/Pods-Mercado-resources.sh\"\n";
			showEnvVarsInLog = 0;
		};
		81CE8A8E5FD450F54DBAF605 /* [CP] Check Pods Manifest.lock */ = {
			isa = PBXShellScriptBuildPhase;
			buildActionMask = 2147483647;
			files = (
			);
			inputFileListPaths = (
			);
			inputPaths = (
				"${PODS_PODFILE_DIR_PATH}/Podfile.lock",
				"${PODS_ROOT}/Manifest.lock",
			);
			name = "[CP] Check Pods Manifest.lock";
			outputFileListPaths = (
			);
			outputPaths = (
				"$(DERIVED_FILE_DIR)/Pods-Mercado-checkManifestLockResult.txt",
			);
			runOnlyForDeploymentPostprocessing = 0;
			shellPath = /bin/sh;
			shellScript = "diff \"${PODS_PODFILE_DIR_PATH}/Podfile.lock\" \"${PODS_ROOT}/Manifest.lock\" > /dev/null\nif [ $? != 0 ] ; then\n    # print error to STDERR\n    echo \"error: The sandbox is not in sync with the Podfile.lock. Run 'pod install' or update your CocoaPods installation.\" >&2\n    exit 1\nfi\n# This output is used by Xcode 'outputs' to avoid re-running this script phase.\necho \"SUCCESS\" > \"${SCRIPT_OUTPUT_FILE_0}\"\n";
			showEnvVarsInLog = 0;
		};
		CC5D1061DA47D40F9514D26F /* [CP] Embed Pods Frameworks */ = {
			isa = PBXShellScriptBuildPhase;
			buildActionMask = 2147483647;
			files = (
			);
			inputFileListPaths = (
				"${PODS_ROOT}/Target Support Files/Pods-Mercado/Pods-Mercado-frameworks-${CONFIGURATION}-input-files.xcfilelist",
			);
			name = "[CP] Embed Pods Frameworks";
			outputFileListPaths = (
				"${PODS_ROOT}/Target Support Files/Pods-Mercado/Pods-Mercado-frameworks-${CONFIGURATION}-output-files.xcfilelist",
			);
			runOnlyForDeploymentPostprocessing = 0;
			shellPath = /bin/sh;
			shellScript = "\"${PODS_ROOT}/Target Support Files/Pods-Mercado/Pods-Mercado-frameworks.sh\"\n";
			showEnvVarsInLog = 0;
		};
/* End PBXShellScriptBuildPhase section */

/* Begin PBXSourcesBuildPhase section */
		2F4533D12629F7FB000FE74E /* Sources */ = {
			isa = PBXSourcesBuildPhase;
			buildActionMask = 2147483647;
			files = (
				96B5DEEF2658198D00B598CF /* ItemProtocol.swift in Sources */,
				2F3C59842653E06F00D704D5 /* itemsService.swift in Sources */,
				96CD373C2651B7CA007B945F /* GetStartedViewController.swift in Sources */,
				965A849026654F8500004F08 /* CartTableViewCell.swift in Sources */,
				2FA30FC42652E00900E59A77 /* TabletsAndMobiles.swift in Sources */,
				96AE44ED265971C9000BD1FB /* AccountTableViewCell.swift in Sources */,
				2FA30F9E2652D03100E59A77 /* PersonalCare.swift in Sources */,
				2FC100CC265EF7D900BF97A5 /* FavoriteExtension.swift in Sources */,
				A9ACF969265F0FF000A2ABF7 /* NewArrivalCollectionViewCell.swift in Sources */,
				965C5CE2265899F300615A01 /* ProductDetailsExtension.swift in Sources */,
				96CD37462651B7DC007B945F /* SignUpTableViewController.swift in Sources */,
				2F3C59542653DDEA00D704D5 /* itemTableExtension.swift in Sources */,
				2FA30FCB2652E6F400E59A77 /* Laptops.swift in Sources */,
				961EEA38266C0AF8008731EF /* Toast.swift in Sources */,
				9615D94026668E2F000D369F /* CartItem.swift in Sources */,
				96E8F9FD262F4C9E001984A2 /* ViewController.swift in Sources */,
				A9ACF95E265F0EF700A2ABF7 /* DinaFirebaseManager.swift in Sources */,
				964BB7E526598C090087EFB3 /* AccountViewExtension.swift in Sources */,
				A93ECFD12668F7D20067E102 /* CheckoutViewController.swift in Sources */,
				96B8C1C4263B6C53008CCA50 /* TextFieldErrors.swift in Sources */,
				2FA30FB62652D79300E59A77 /* SkinCare.swift in Sources */,
				96633A21265C51D100FB1625 /* confirmAddressExtension.swift in Sources */,
				A9ACF960265F0F0600A2ABF7 /* FirebaseProtocol.swift in Sources */,
				2FA30FF62652FB7D00E59A77 /* itemsTableViewController.swift in Sources */,
				2FA30FE62652F86600E59A77 /* KidsShoes.swift in Sources */,
				9632B31C265CC0B000D32D2F /* AddAddress.swift in Sources */,
				2FC100C7265EF74600BF97A5 /* FavoriteViewModel.swift in Sources */,
				A93ECFD52668F7EE0067E102 /* PlaceOrderViewController.swift in Sources */,
				96633A53265C789200FB1625 /* locationManagerExtension.swift in Sources */,
				A93ECFCD2668F7AE0067E102 /* RoundShadowView.swift in Sources */,
				A9ACF96B265F10B100A2ABF7 /* ExclusiveOffersViewModel.swift in Sources */,
				96633A69265CB00F00FB1625 /* AddAddressTableViewController.swift in Sources */,
				2FC100D6265EF81B00BF97A5 /* FavoriteTableViewController.swift in Sources */,
				2FA30F972652CAAC00E59A77 /* HomeAppliances.swift in Sources */,
				A9ACF967265F0F6700A2ABF7 /* NewArrivalService.swift in Sources */,
				96BDCE99266873FF00CF5C9B /* Cart.swift in Sources */,
				961657BC265DAB2000177C12 /* AccountViewModel.swift in Sources */,
				2FC100C2265EF6EE00BF97A5 /* FavoriteService.swift in Sources */,
				9616579B265D5E5400177C12 /* AddAddressTableViewExtension.swift in Sources */,
				965A84962665630900004F08 /* CartTableViewExtension.swift in Sources */,
				96CD37412651B7D5007B945F /* LoginViewController.swift in Sources */,
				96A2F3502655833900255A63 /* ProductDetailsViewController.swift in Sources */,
				2F03C4262660294E005DB6AA /* ItemIsFavorite.swift in Sources */,
				2F3C594B2653DA7C00D704D5 /* itemTableViewCell.swift in Sources */,
				96F9E0B1265ACADF008C47A2 /* AccountTableViewExtension.swift in Sources */,
				A9FE901D2654005000B039D2 /* Categories.swift in Sources */,
				963AF846265B25CC00C4E51A /* LocationSearchTableViewController.swift in Sources */,
				A9C28EE72655A840005CC194 /* ShopTabBarController.swift in Sources */,
				96CD37412651B7D5007B945F /* LoginViewController.swift in Sources */,
				A9FE6DE52653371600C6624C /* ExploreExtention+CollectionView.swift in Sources */,
				2FC100D1265EF80900BF97A5 /* FavoriteTableViewCell.swift in Sources */,
				A93ECFD82668F8140067E102 /* CheckoutExtension+TableView.swift in Sources */,
				A9FE6DE7265341B700C6624C /* ExploreExtension+TableView.swift in Sources */,
				2F4533D92629F7FB000FE74E /* AppDelegate.swift in Sources */,
				96F9E0CF265AD648008C47A2 /* ConfirmAddressViewController.swift in Sources */,
				965A45122659D8EB00BF3DAE /* Alert.swift in Sources */,
				96AE44F22659722B000BD1FB /* AccountViewController.swift in Sources */,
				96633A5B265C7BA600FB1625 /* LStableViewExtension.swift in Sources */,
				2FA30FDF2652F7A400E59A77 /* KidsClothing.swift in Sources */,
				9615D94B2666D8C8000D369F /* CartViewModel.swift in Sources */,
				2F4533DB2629F7FB000FE74E /* SceneDelegate.swift in Sources */,
				961654442669686500DDCD00 /* CartMethodsExtension.swift in Sources */,
				2FA30FD82652F07000E59A77 /* LaptopBags.swift in Sources */,
				965C5CE826589B6E00615A01 /* ScrollableDetailsExtension.swift in Sources */,
				2FA30FBD2652DA9C00E59A77 /* MakeUp.swift in Sources */,
				A9FE6DEB265349B800C6624C /* CategoriesCollectionViewCell.swift in Sources */,
				2FE74B4226519400005D6AEA /* StyleSheet.swift in Sources */,
				A9ACF971265F122A00A2ABF7 /* ShopExtension+CollecionView.swift in Sources */,
				A9FE901A2653FF1800B039D2 /* URLs.swift in Sources */,
				965A848A26654F4100004F08 /* CartViewController.swift in Sources */,
				2FEB0B8C264EBBDB003D5CAE /* HomeTabBarController.swift in Sources */,
				96B8C1BE263B6A7B008CCA50 /* LoginExtension.swift in Sources */,
				96633A19265C4EEB00FB1625 /* MapSearch.swift in Sources */,
				2F4533E32629F7FB000FE74E /* Mercado.xcdatamodeld in Sources */,
				964BB7ED26599E4E0087EFB3 /* AccountDetails.swift in Sources */,
				A9ACF96D265F10C300A2ABF7 /* NewArrivalViewModel.swift in Sources */,
				968F2AA52655AD3200441252 /* ScrollableProductDetailsViewController.swift in Sources */,
				964FB38B265B68C3009D008D /* LocationSearchExtension.swift in Sources */,
				A93ECFD22668F7D20067E102 /* CheckoutItemTableViewCell.swift in Sources */,
				96633A64265C818C00FB1625 /* ParseAddress.swift in Sources */,
				2F3C59C12653F5D600D704D5 /* ItemsViewModel.swift in Sources */,
				A9ACF96F265F115100A2ABF7 /* SpecialItem.swift in Sources */,
				9632B323265CC4F400D32D2F /* AddAddressTableViewCell.swift in Sources */,
				A9ACF965265F0F6200A2ABF7 /* ExclusiveOffersService.swift in Sources */,
				965A450A2659C15700BF3DAE /* FirebaseManager.swift in Sources */,
				2FA30FAF2652D4AB00E59A77 /* WomenClothing.swift in Sources */,
				9659DAB92669149F00F31790 /* CartHandlerViewModel.swift in Sources */,
				2FA30FA52652D1E800E59A77 /* WomenBags.swift in Sources */,
				A9FE6DE326532EBB00C6624C /* ExploreTabBarController.swift in Sources */,
				A9916B9026542C720030ADDA /* CategoriesViewModel.swift in Sources */,
				A9916B8E265419050030ADDA /* CategoriesService.swift in Sources */,
			);
			runOnlyForDeploymentPostprocessing = 0;
		};
		2F4533EA2629F7FC000FE74E /* Sources */ = {
			isa = PBXSourcesBuildPhase;
			buildActionMask = 2147483647;
			files = (
				2FA30F9F2652D03100E59A77 /* PersonalCare.swift in Sources */,
				2FA30FC52652E00900E59A77 /* TabletsAndMobiles.swift in Sources */,
				2FA30FE72652F86600E59A77 /* KidsShoes.swift in Sources */,
				2F4533F32629F7FC000FE74E /* MercadoTests.swift in Sources */,
				2F3C59552653DDEA00D704D5 /* itemTableExtension.swift in Sources */,
				2FA30FD92652F07000E59A77 /* LaptopBags.swift in Sources */,
				2FA30F982652CAAC00E59A77 /* HomeAppliances.swift in Sources */,
				965A84B22665AD3900004F08 /* CartTableViewExtension.swift in Sources */,
				2FA30FA62652D1E800E59A77 /* WomenBags.swift in Sources */,
				A9F3B92B26613C1300BD40AA /* itemTableViewCell.swift in Sources */,
				2FA30FB02652D4AB00E59A77 /* WomenClothing.swift in Sources */,
				2FA30FF72652FB7D00E59A77 /* itemsTableViewController.swift in Sources */,
				2FE74B4326519400005D6AEA /* StyleSheet.swift in Sources */,
				2FA30FCC2652E6F400E59A77 /* Laptops.swift in Sources */,
				2FA30FBE2652DA9C00E59A77 /* MakeUp.swift in Sources */,
				2F3C59C22653F5D600D704D5 /* ItemsViewModel.swift in Sources */,
				2FA30FB72652D79300E59A77 /* SkinCare.swift in Sources */,
				2FA30FE02652F7A400E59A77 /* KidsClothing.swift in Sources */,
			);
			runOnlyForDeploymentPostprocessing = 0;
		};
		2F4533F52629F7FC000FE74E /* Sources */ = {
			isa = PBXSourcesBuildPhase;
			buildActionMask = 2147483647;
			files = (
				2FA30FA02652D03100E59A77 /* PersonalCare.swift in Sources */,
				2FA30FC62652E00900E59A77 /* TabletsAndMobiles.swift in Sources */,
				2FA30FE82652F86600E59A77 /* KidsShoes.swift in Sources */,
				2F4533FE2629F7FC000FE74E /* MercadoUITests.swift in Sources */,
				2F3C59562653DDEA00D704D5 /* itemTableExtension.swift in Sources */,
				2FA30FDA2652F07000E59A77 /* LaptopBags.swift in Sources */,
				2FA30F992652CAAC00E59A77 /* HomeAppliances.swift in Sources */,
				965A84B12665AD3900004F08 /* CartTableViewExtension.swift in Sources */,
				2FA30FA72652D1E800E59A77 /* WomenBags.swift in Sources */,
				A9F3B92A26613C1300BD40AA /* itemTableViewCell.swift in Sources */,
				2FA30FB12652D4AB00E59A77 /* WomenClothing.swift in Sources */,
				2FA30FF82652FB7D00E59A77 /* itemsTableViewController.swift in Sources */,
				2FE74B4426519400005D6AEA /* StyleSheet.swift in Sources */,
				2FA30FCD2652E6F400E59A77 /* Laptops.swift in Sources */,
				2FA30FBF2652DA9C00E59A77 /* MakeUp.swift in Sources */,
				2F3C59C32653F5D600D704D5 /* ItemsViewModel.swift in Sources */,
				2FA30FB82652D79300E59A77 /* SkinCare.swift in Sources */,
				2FA30FE12652F7A400E59A77 /* KidsClothing.swift in Sources */,
			);
			runOnlyForDeploymentPostprocessing = 0;
		};
/* End PBXSourcesBuildPhase section */

/* Begin PBXTargetDependency section */
		2F4533F02629F7FC000FE74E /* PBXTargetDependency */ = {
			isa = PBXTargetDependency;
			target = 2F4533D42629F7FB000FE74E /* Mercado */;
			targetProxy = 2F4533EF2629F7FC000FE74E /* PBXContainerItemProxy */;
		};
		2F4533FB2629F7FC000FE74E /* PBXTargetDependency */ = {
			isa = PBXTargetDependency;
			target = 2F4533D42629F7FB000FE74E /* Mercado */;
			targetProxy = 2F4533FA2629F7FC000FE74E /* PBXContainerItemProxy */;
		};
/* End PBXTargetDependency section */

/* Begin PBXVariantGroup section */
		2F4533DE2629F7FB000FE74E /* Main.storyboard */ = {
			isa = PBXVariantGroup;
			children = (
				2F4533DF2629F7FB000FE74E /* Base */,
			);
			name = Main.storyboard;
			sourceTree = "<group>";
		};
		2F4533E62629F7FB000FE74E /* LaunchScreen.storyboard */ = {
			isa = PBXVariantGroup;
			children = (
				2F4533E72629F7FB000FE74E /* Base */,
			);
			name = LaunchScreen.storyboard;
			sourceTree = "<group>";
		};
/* End PBXVariantGroup section */

/* Begin XCBuildConfiguration section */
		2F4534002629F7FC000FE74E /* Debug */ = {
			isa = XCBuildConfiguration;
			buildSettings = {
				ALWAYS_SEARCH_USER_PATHS = NO;
				CLANG_ANALYZER_NONNULL = YES;
				CLANG_ANALYZER_NUMBER_OBJECT_CONVERSION = YES_AGGRESSIVE;
				CLANG_CXX_LANGUAGE_STANDARD = "gnu++14";
				CLANG_CXX_LIBRARY = "libc++";
				CLANG_ENABLE_MODULES = YES;
				CLANG_ENABLE_OBJC_ARC = YES;
				CLANG_ENABLE_OBJC_WEAK = YES;
				CLANG_WARN_BLOCK_CAPTURE_AUTORELEASING = YES;
				CLANG_WARN_BOOL_CONVERSION = YES;
				CLANG_WARN_COMMA = YES;
				CLANG_WARN_CONSTANT_CONVERSION = YES;
				CLANG_WARN_DEPRECATED_OBJC_IMPLEMENTATIONS = YES;
				CLANG_WARN_DIRECT_OBJC_ISA_USAGE = YES_ERROR;
				CLANG_WARN_DOCUMENTATION_COMMENTS = YES;
				CLANG_WARN_EMPTY_BODY = YES;
				CLANG_WARN_ENUM_CONVERSION = YES;
				CLANG_WARN_INFINITE_RECURSION = YES;
				CLANG_WARN_INT_CONVERSION = YES;
				CLANG_WARN_NON_LITERAL_NULL_CONVERSION = YES;
				CLANG_WARN_OBJC_IMPLICIT_RETAIN_SELF = YES;
				CLANG_WARN_OBJC_LITERAL_CONVERSION = YES;
				CLANG_WARN_OBJC_ROOT_CLASS = YES_ERROR;
				CLANG_WARN_QUOTED_INCLUDE_IN_FRAMEWORK_HEADER = YES;
				CLANG_WARN_RANGE_LOOP_ANALYSIS = YES;
				CLANG_WARN_STRICT_PROTOTYPES = YES;
				CLANG_WARN_SUSPICIOUS_MOVE = YES;
				CLANG_WARN_UNGUARDED_AVAILABILITY = YES_AGGRESSIVE;
				CLANG_WARN_UNREACHABLE_CODE = YES;
				CLANG_WARN__DUPLICATE_METHOD_MATCH = YES;
				COPY_PHASE_STRIP = NO;
				DEBUG_INFORMATION_FORMAT = dwarf;
				ENABLE_STRICT_OBJC_MSGSEND = YES;
				ENABLE_TESTABILITY = YES;
				GCC_C_LANGUAGE_STANDARD = gnu11;
				GCC_DYNAMIC_NO_PIC = NO;
				GCC_NO_COMMON_BLOCKS = YES;
				GCC_OPTIMIZATION_LEVEL = 0;
				GCC_PREPROCESSOR_DEFINITIONS = (
					"DEBUG=1",
					"$(inherited)",
				);
				GCC_WARN_64_TO_32_BIT_CONVERSION = YES;
				GCC_WARN_ABOUT_RETURN_TYPE = YES_ERROR;
				GCC_WARN_UNDECLARED_SELECTOR = YES;
				GCC_WARN_UNINITIALIZED_AUTOS = YES_AGGRESSIVE;
				GCC_WARN_UNUSED_FUNCTION = YES;
				GCC_WARN_UNUSED_VARIABLE = YES;
				IPHONEOS_DEPLOYMENT_TARGET = 14.4;
				MTL_ENABLE_DEBUG_INFO = INCLUDE_SOURCE;
				MTL_FAST_MATH = YES;
				ONLY_ACTIVE_ARCH = YES;
				SDKROOT = iphoneos;
				SWIFT_ACTIVE_COMPILATION_CONDITIONS = DEBUG;
				SWIFT_OPTIMIZATION_LEVEL = "-Onone";
			};
			name = Debug;
		};
		2F4534012629F7FC000FE74E /* Release */ = {
			isa = XCBuildConfiguration;
			buildSettings = {
				ALWAYS_SEARCH_USER_PATHS = NO;
				CLANG_ANALYZER_NONNULL = YES;
				CLANG_ANALYZER_NUMBER_OBJECT_CONVERSION = YES_AGGRESSIVE;
				CLANG_CXX_LANGUAGE_STANDARD = "gnu++14";
				CLANG_CXX_LIBRARY = "libc++";
				CLANG_ENABLE_MODULES = YES;
				CLANG_ENABLE_OBJC_ARC = YES;
				CLANG_ENABLE_OBJC_WEAK = YES;
				CLANG_WARN_BLOCK_CAPTURE_AUTORELEASING = YES;
				CLANG_WARN_BOOL_CONVERSION = YES;
				CLANG_WARN_COMMA = YES;
				CLANG_WARN_CONSTANT_CONVERSION = YES;
				CLANG_WARN_DEPRECATED_OBJC_IMPLEMENTATIONS = YES;
				CLANG_WARN_DIRECT_OBJC_ISA_USAGE = YES_ERROR;
				CLANG_WARN_DOCUMENTATION_COMMENTS = YES;
				CLANG_WARN_EMPTY_BODY = YES;
				CLANG_WARN_ENUM_CONVERSION = YES;
				CLANG_WARN_INFINITE_RECURSION = YES;
				CLANG_WARN_INT_CONVERSION = YES;
				CLANG_WARN_NON_LITERAL_NULL_CONVERSION = YES;
				CLANG_WARN_OBJC_IMPLICIT_RETAIN_SELF = YES;
				CLANG_WARN_OBJC_LITERAL_CONVERSION = YES;
				CLANG_WARN_OBJC_ROOT_CLASS = YES_ERROR;
				CLANG_WARN_QUOTED_INCLUDE_IN_FRAMEWORK_HEADER = YES;
				CLANG_WARN_RANGE_LOOP_ANALYSIS = YES;
				CLANG_WARN_STRICT_PROTOTYPES = YES;
				CLANG_WARN_SUSPICIOUS_MOVE = YES;
				CLANG_WARN_UNGUARDED_AVAILABILITY = YES_AGGRESSIVE;
				CLANG_WARN_UNREACHABLE_CODE = YES;
				CLANG_WARN__DUPLICATE_METHOD_MATCH = YES;
				COPY_PHASE_STRIP = NO;
				DEBUG_INFORMATION_FORMAT = "dwarf-with-dsym";
				ENABLE_NS_ASSERTIONS = NO;
				ENABLE_STRICT_OBJC_MSGSEND = YES;
				GCC_C_LANGUAGE_STANDARD = gnu11;
				GCC_NO_COMMON_BLOCKS = YES;
				GCC_WARN_64_TO_32_BIT_CONVERSION = YES;
				GCC_WARN_ABOUT_RETURN_TYPE = YES_ERROR;
				GCC_WARN_UNDECLARED_SELECTOR = YES;
				GCC_WARN_UNINITIALIZED_AUTOS = YES_AGGRESSIVE;
				GCC_WARN_UNUSED_FUNCTION = YES;
				GCC_WARN_UNUSED_VARIABLE = YES;
				IPHONEOS_DEPLOYMENT_TARGET = 14.4;
				MTL_ENABLE_DEBUG_INFO = NO;
				MTL_FAST_MATH = YES;
				SDKROOT = iphoneos;
				SWIFT_COMPILATION_MODE = wholemodule;
				SWIFT_OPTIMIZATION_LEVEL = "-O";
				VALIDATE_PRODUCT = YES;
			};
			name = Release;
		};
		2F4534032629F7FC000FE74E /* Debug */ = {
			isa = XCBuildConfiguration;
			baseConfigurationReference = 41444C1DBE14A501F8108FFA /* Pods-Mercado.debug.xcconfig */;
			buildSettings = {
				ASSETCATALOG_COMPILER_APPICON_NAME = AppIcon;
				ASSETCATALOG_COMPILER_GLOBAL_ACCENT_COLOR_NAME = AccentColor;
				CODE_SIGN_STYLE = Automatic;
				DEVELOPMENT_TEAM = GZ93545KF8;
				INFOPLIST_FILE = Mercado/Info.plist;
				IPHONEOS_DEPLOYMENT_TARGET = 13.0;
				LD_RUNPATH_SEARCH_PATHS = (
					"$(inherited)",
					"@executable_path/Frameworks",
				);
				PRODUCT_BUNDLE_IDENTIFIER = iti.Mercado;
				PRODUCT_NAME = "$(TARGET_NAME)";
				SWIFT_VERSION = 5.0;
				TARGETED_DEVICE_FAMILY = 1;
			};
			name = Debug;
		};
		2F4534042629F7FC000FE74E /* Release */ = {
			isa = XCBuildConfiguration;
			baseConfigurationReference = C25EDD5FC8C8D356244DF46A /* Pods-Mercado.release.xcconfig */;
			buildSettings = {
				ASSETCATALOG_COMPILER_APPICON_NAME = AppIcon;
				ASSETCATALOG_COMPILER_GLOBAL_ACCENT_COLOR_NAME = AccentColor;
				CODE_SIGN_STYLE = Automatic;
				DEVELOPMENT_TEAM = GZ93545KF8;
				INFOPLIST_FILE = Mercado/Info.plist;
				IPHONEOS_DEPLOYMENT_TARGET = 13.0;
				LD_RUNPATH_SEARCH_PATHS = (
					"$(inherited)",
					"@executable_path/Frameworks",
				);
				PRODUCT_BUNDLE_IDENTIFIER = iti.Mercado;
				PRODUCT_NAME = "$(TARGET_NAME)";
				SWIFT_VERSION = 5.0;
				TARGETED_DEVICE_FAMILY = 1;
			};
			name = Release;
		};
		2F4534062629F7FC000FE74E /* Debug */ = {
			isa = XCBuildConfiguration;
			buildSettings = {
				ALWAYS_EMBED_SWIFT_STANDARD_LIBRARIES = YES;
				BUNDLE_LOADER = "$(TEST_HOST)";
				CODE_SIGN_STYLE = Automatic;
				INFOPLIST_FILE = MercadoTests/Info.plist;
				IPHONEOS_DEPLOYMENT_TARGET = 14.4;
				LD_RUNPATH_SEARCH_PATHS = (
					"$(inherited)",
					"@executable_path/Frameworks",
					"@loader_path/Frameworks",
				);
				PRODUCT_BUNDLE_IDENTIFIER = iti.MercadoTests;
				PRODUCT_NAME = "$(TARGET_NAME)";
				SWIFT_VERSION = 5.0;
				TARGETED_DEVICE_FAMILY = "1,2";
				TEST_HOST = "$(BUILT_PRODUCTS_DIR)/Mercado.app/Mercado";
			};
			name = Debug;
		};
		2F4534072629F7FC000FE74E /* Release */ = {
			isa = XCBuildConfiguration;
			buildSettings = {
				ALWAYS_EMBED_SWIFT_STANDARD_LIBRARIES = YES;
				BUNDLE_LOADER = "$(TEST_HOST)";
				CODE_SIGN_STYLE = Automatic;
				INFOPLIST_FILE = MercadoTests/Info.plist;
				IPHONEOS_DEPLOYMENT_TARGET = 14.4;
				LD_RUNPATH_SEARCH_PATHS = (
					"$(inherited)",
					"@executable_path/Frameworks",
					"@loader_path/Frameworks",
				);
				PRODUCT_BUNDLE_IDENTIFIER = iti.MercadoTests;
				PRODUCT_NAME = "$(TARGET_NAME)";
				SWIFT_VERSION = 5.0;
				TARGETED_DEVICE_FAMILY = "1,2";
				TEST_HOST = "$(BUILT_PRODUCTS_DIR)/Mercado.app/Mercado";
			};
			name = Release;
		};
		2F4534092629F7FC000FE74E /* Debug */ = {
			isa = XCBuildConfiguration;
			buildSettings = {
				ALWAYS_EMBED_SWIFT_STANDARD_LIBRARIES = YES;
				CODE_SIGN_STYLE = Automatic;
				INFOPLIST_FILE = MercadoUITests/Info.plist;
				LD_RUNPATH_SEARCH_PATHS = (
					"$(inherited)",
					"@executable_path/Frameworks",
					"@loader_path/Frameworks",
				);
				PRODUCT_BUNDLE_IDENTIFIER = iti.MercadoUITests;
				PRODUCT_NAME = "$(TARGET_NAME)";
				SWIFT_VERSION = 5.0;
				TARGETED_DEVICE_FAMILY = "1,2";
				TEST_TARGET_NAME = Mercado;
			};
			name = Debug;
		};
		2F45340A2629F7FC000FE74E /* Release */ = {
			isa = XCBuildConfiguration;
			buildSettings = {
				ALWAYS_EMBED_SWIFT_STANDARD_LIBRARIES = YES;
				CODE_SIGN_STYLE = Automatic;
				INFOPLIST_FILE = MercadoUITests/Info.plist;
				LD_RUNPATH_SEARCH_PATHS = (
					"$(inherited)",
					"@executable_path/Frameworks",
					"@loader_path/Frameworks",
				);
				PRODUCT_BUNDLE_IDENTIFIER = iti.MercadoUITests;
				PRODUCT_NAME = "$(TARGET_NAME)";
				SWIFT_VERSION = 5.0;
				TARGETED_DEVICE_FAMILY = "1,2";
				TEST_TARGET_NAME = Mercado;
			};
			name = Release;
		};
/* End XCBuildConfiguration section */

/* Begin XCConfigurationList section */
		2F4533D02629F7FB000FE74E /* Build configuration list for PBXProject "Mercado" */ = {
			isa = XCConfigurationList;
			buildConfigurations = (
				2F4534002629F7FC000FE74E /* Debug */,
				2F4534012629F7FC000FE74E /* Release */,
			);
			defaultConfigurationIsVisible = 0;
			defaultConfigurationName = Release;
		};
		2F4534022629F7FC000FE74E /* Build configuration list for PBXNativeTarget "Mercado" */ = {
			isa = XCConfigurationList;
			buildConfigurations = (
				2F4534032629F7FC000FE74E /* Debug */,
				2F4534042629F7FC000FE74E /* Release */,
			);
			defaultConfigurationIsVisible = 0;
			defaultConfigurationName = Release;
		};
		2F4534052629F7FC000FE74E /* Build configuration list for PBXNativeTarget "MercadoTests" */ = {
			isa = XCConfigurationList;
			buildConfigurations = (
				2F4534062629F7FC000FE74E /* Debug */,
				2F4534072629F7FC000FE74E /* Release */,
			);
			defaultConfigurationIsVisible = 0;
			defaultConfigurationName = Release;
		};
		2F4534082629F7FC000FE74E /* Build configuration list for PBXNativeTarget "MercadoUITests" */ = {
			isa = XCConfigurationList;
			buildConfigurations = (
				2F4534092629F7FC000FE74E /* Debug */,
				2F45340A2629F7FC000FE74E /* Release */,
			);
			defaultConfigurationIsVisible = 0;
			defaultConfigurationName = Release;
		};
/* End XCConfigurationList section */

/* Begin XCVersionGroup section */
		2F4533E12629F7FB000FE74E /* Mercado.xcdatamodeld */ = {
			isa = XCVersionGroup;
			children = (
				2F4533E22629F7FB000FE74E /* Mercado.xcdatamodel */,
			);
			currentVersion = 2F4533E22629F7FB000FE74E /* Mercado.xcdatamodel */;
			path = Mercado.xcdatamodeld;
			sourceTree = "<group>";
			versionGroupType = wrapper.xcdatamodel;
		};
/* End XCVersionGroup section */
	};
	rootObject = 2F4533CD2629F7FB000FE74E /* Project object */;
}
