// !$*UTF8*$!
{
	archiveVersion = 1;
	classes = {
	};
	objectVersion = 51;
	objects = {

/* Begin PBXBuildFile section */
		2F4533D92629F7FB000FE74E /* AppDelegate.swift in Sources */ = {isa = PBXBuildFile; fileRef = 2F4533D82629F7FB000FE74E /* AppDelegate.swift */; };
		2F4533DB2629F7FB000FE74E /* SceneDelegate.swift in Sources */ = {isa = PBXBuildFile; fileRef = 2F4533DA2629F7FB000FE74E /* SceneDelegate.swift */; };
		2F4533E02629F7FB000FE74E /* Main.storyboard in Resources */ = {isa = PBXBuildFile; fileRef = 2F4533DE2629F7FB000FE74E /* Main.storyboard */; };
		2F4533E32629F7FB000FE74E /* Mercado.xcdatamodeld in Sources */ = {isa = PBXBuildFile; fileRef = 2F4533E12629F7FB000FE74E /* Mercado.xcdatamodeld */; };
		2F4533E52629F7FB000FE74E /* Assets.xcassets in Resources */ = {isa = PBXBuildFile; fileRef = 2F4533E42629F7FB000FE74E /* Assets.xcassets */; };
		2F4533E82629F7FB000FE74E /* LaunchScreen.storyboard in Resources */ = {isa = PBXBuildFile; fileRef = 2F4533E62629F7FB000FE74E /* LaunchScreen.storyboard */; };
		2F4533F32629F7FC000FE74E /* MercadoTests.swift in Sources */ = {isa = PBXBuildFile; fileRef = 2F4533F22629F7FC000FE74E /* MercadoTests.swift */; };
		2F4533FE2629F7FC000FE74E /* MercadoUITests.swift in Sources */ = {isa = PBXBuildFile; fileRef = 2F4533FD2629F7FC000FE74E /* MercadoUITests.swift */; };
		2F8A8B1C262F28F400128FCD /* LindaStoryboard.storyboard in Resources */ = {isa = PBXBuildFile; fileRef = 2F8A8B1B262F28F400128FCD /* LindaStoryboard.storyboard */; };
		2FE74B4226519400005D6AEA /* StyleSheet.swift in Sources */ = {isa = PBXBuildFile; fileRef = 2FE74B4126519400005D6AEA /* StyleSheet.swift */; };
		2FE74B4326519400005D6AEA /* StyleSheet.swift in Sources */ = {isa = PBXBuildFile; fileRef = 2FE74B4126519400005D6AEA /* StyleSheet.swift */; };
		2FE74B4426519400005D6AEA /* StyleSheet.swift in Sources */ = {isa = PBXBuildFile; fileRef = 2FE74B4126519400005D6AEA /* StyleSheet.swift */; };
		2FEB0B8C264EBBDB003D5CAE /* HomeTabBarController.swift in Sources */ = {isa = PBXBuildFile; fileRef = 2FEB0B8B264EBBDB003D5CAE /* HomeTabBarController.swift */; };
		30141B01D6C5927ABE1D5E35 /* libPods-Mercado.a in Frameworks */ = {isa = PBXBuildFile; fileRef = DFA6BFAF1E1D44C2606A4D45 /* libPods-Mercado.a */; };
		96603626262E39A900653D91 /* GoogleService-Info.plist in Resources */ = {isa = PBXBuildFile; fileRef = 96603625262E39A900653D91 /* GoogleService-Info.plist */; };
		966B2F82262F20D800667FF4 /* mayar.storyboard in Resources */ = {isa = PBXBuildFile; fileRef = 966B2F81262F20D800667FF4 /* mayar.storyboard */; };
		96B8C1BE263B6A7B008CCA50 /* LoginExtension.swift in Sources */ = {isa = PBXBuildFile; fileRef = 96B8C1BD263B6A7B008CCA50 /* LoginExtension.swift */; };
		96B8C1C4263B6C53008CCA50 /* TextFieldErrors.swift in Sources */ = {isa = PBXBuildFile; fileRef = 96B8C1C3263B6C53008CCA50 /* TextFieldErrors.swift */; };
		96CD373C2651B7CA007B945F /* GetStartedViewController.swift in Sources */ = {isa = PBXBuildFile; fileRef = 96CD373B2651B7CA007B945F /* GetStartedViewController.swift */; };
		96CD37412651B7D5007B945F /* LoginTableViewController.swift in Sources */ = {isa = PBXBuildFile; fileRef = 96CD37402651B7D4007B945F /* LoginTableViewController.swift */; };
		96CD37462651B7DC007B945F /* SignUpTableViewController.swift in Sources */ = {isa = PBXBuildFile; fileRef = 96CD37452651B7DC007B945F /* SignUpTableViewController.swift */; };
		96E8F9FD262F4C9E001984A2 /* ViewController.swift in Sources */ = {isa = PBXBuildFile; fileRef = 96E8F9FC262F4C9E001984A2 /* ViewController.swift */; };
		A93F94342630FD7100BFCBA2 /* DinaStoryboard.storyboard in Resources */ = {isa = PBXBuildFile; fileRef = A93F94332630FD7100BFCBA2 /* DinaStoryboard.storyboard */; };
/* End PBXBuildFile section */

/* Begin PBXContainerItemProxy section */
		2F4533EF2629F7FC000FE74E /* PBXContainerItemProxy */ = {
			isa = PBXContainerItemProxy;
			containerPortal = 2F4533CD2629F7FB000FE74E /* Project object */;
			proxyType = 1;
			remoteGlobalIDString = 2F4533D42629F7FB000FE74E;
			remoteInfo = Mercado;
		};
		2F4533FA2629F7FC000FE74E /* PBXContainerItemProxy */ = {
			isa = PBXContainerItemProxy;
			containerPortal = 2F4533CD2629F7FB000FE74E /* Project object */;
			proxyType = 1;
			remoteGlobalIDString = 2F4533D42629F7FB000FE74E;
			remoteInfo = Mercado;
		};
/* End PBXContainerItemProxy section */

/* Begin PBXFileReference section */
		2F4533D52629F7FB000FE74E /* Mercado.app */ = {isa = PBXFileReference; explicitFileType = wrapper.application; includeInIndex = 0; path = Mercado.app; sourceTree = BUILT_PRODUCTS_DIR; };
		2F4533D82629F7FB000FE74E /* AppDelegate.swift */ = {isa = PBXFileReference; lastKnownFileType = sourcecode.swift; path = AppDelegate.swift; sourceTree = "<group>"; };
		2F4533DA2629F7FB000FE74E /* SceneDelegate.swift */ = {isa = PBXFileReference; lastKnownFileType = sourcecode.swift; path = SceneDelegate.swift; sourceTree = "<group>"; };
		2F4533DF2629F7FB000FE74E /* Base */ = {isa = PBXFileReference; lastKnownFileType = file.storyboard; name = Base; path = Base.lproj/Main.storyboard; sourceTree = "<group>"; };
		2F4533E22629F7FB000FE74E /* Mercado.xcdatamodel */ = {isa = PBXFileReference; lastKnownFileType = wrapper.xcdatamodel; path = Mercado.xcdatamodel; sourceTree = "<group>"; };
		2F4533E42629F7FB000FE74E /* Assets.xcassets */ = {isa = PBXFileReference; lastKnownFileType = folder.assetcatalog; path = Assets.xcassets; sourceTree = "<group>"; };
		2F4533E72629F7FB000FE74E /* Base */ = {isa = PBXFileReference; lastKnownFileType = file.storyboard; name = Base; path = Base.lproj/LaunchScreen.storyboard; sourceTree = "<group>"; };
		2F4533E92629F7FB000FE74E /* Info.plist */ = {isa = PBXFileReference; lastKnownFileType = text.plist.xml; path = Info.plist; sourceTree = "<group>"; };
		2F4533EE2629F7FC000FE74E /* MercadoTests.xctest */ = {isa = PBXFileReference; explicitFileType = wrapper.cfbundle; includeInIndex = 0; path = MercadoTests.xctest; sourceTree = BUILT_PRODUCTS_DIR; };
		2F4533F22629F7FC000FE74E /* MercadoTests.swift */ = {isa = PBXFileReference; lastKnownFileType = sourcecode.swift; path = MercadoTests.swift; sourceTree = "<group>"; };
		2F4533F42629F7FC000FE74E /* Info.plist */ = {isa = PBXFileReference; lastKnownFileType = text.plist.xml; path = Info.plist; sourceTree = "<group>"; };
		2F4533F92629F7FC000FE74E /* MercadoUITests.xctest */ = {isa = PBXFileReference; explicitFileType = wrapper.cfbundle; includeInIndex = 0; path = MercadoUITests.xctest; sourceTree = BUILT_PRODUCTS_DIR; };
		2F4533FD2629F7FC000FE74E /* MercadoUITests.swift */ = {isa = PBXFileReference; lastKnownFileType = sourcecode.swift; path = MercadoUITests.swift; sourceTree = "<group>"; };
		2F4533FF2629F7FC000FE74E /* Info.plist */ = {isa = PBXFileReference; lastKnownFileType = text.plist.xml; path = Info.plist; sourceTree = "<group>"; };
		2F8A8B1B262F28F400128FCD /* LindaStoryboard.storyboard */ = {isa = PBXFileReference; lastKnownFileType = file.storyboard; path = LindaStoryboard.storyboard; sourceTree = "<group>"; };
		2FE74B4126519400005D6AEA /* StyleSheet.swift */ = {isa = PBXFileReference; lastKnownFileType = sourcecode.swift; path = StyleSheet.swift; sourceTree = "<group>"; };
		2FEB0B8B264EBBDB003D5CAE /* HomeTabBarController.swift */ = {isa = PBXFileReference; lastKnownFileType = sourcecode.swift; path = HomeTabBarController.swift; sourceTree = "<group>"; };
		7CB54C10A701AFDDAA9A7F0C /* Pods-Mercado.release.xcconfig */ = {isa = PBXFileReference; includeInIndex = 1; lastKnownFileType = text.xcconfig; name = "Pods-Mercado.release.xcconfig"; path = "Target Support Files/Pods-Mercado/Pods-Mercado.release.xcconfig"; sourceTree = "<group>"; };
		96603625262E39A900653D91 /* GoogleService-Info.plist */ = {isa = PBXFileReference; fileEncoding = 4; lastKnownFileType = text.plist.xml; path = "GoogleService-Info.plist"; sourceTree = "<group>"; };
		966B2F81262F20D800667FF4 /* mayar.storyboard */ = {isa = PBXFileReference; lastKnownFileType = file.storyboard; path = mayar.storyboard; sourceTree = "<group>"; };
		96B8C1BD263B6A7B008CCA50 /* LoginExtension.swift */ = {isa = PBXFileReference; lastKnownFileType = sourcecode.swift; path = LoginExtension.swift; sourceTree = "<group>"; };
		96B8C1C3263B6C53008CCA50 /* TextFieldErrors.swift */ = {isa = PBXFileReference; lastKnownFileType = sourcecode.swift; path = TextFieldErrors.swift; sourceTree = "<group>"; };
		96CD373B2651B7CA007B945F /* GetStartedViewController.swift */ = {isa = PBXFileReference; fileEncoding = 4; lastKnownFileType = sourcecode.swift; path = GetStartedViewController.swift; sourceTree = "<group>"; };
		96CD37402651B7D4007B945F /* LoginTableViewController.swift */ = {isa = PBXFileReference; fileEncoding = 4; lastKnownFileType = sourcecode.swift; path = LoginTableViewController.swift; sourceTree = "<group>"; };
		96CD37452651B7DC007B945F /* SignUpTableViewController.swift */ = {isa = PBXFileReference; fileEncoding = 4; lastKnownFileType = sourcecode.swift; path = SignUpTableViewController.swift; sourceTree = "<group>"; };
		96E8F9FC262F4C9E001984A2 /* ViewController.swift */ = {isa = PBXFileReference; lastKnownFileType = sourcecode.swift; path = ViewController.swift; sourceTree = "<group>"; };
		A93F94332630FD7100BFCBA2 /* DinaStoryboard.storyboard */ = {isa = PBXFileReference; fileEncoding = 4; lastKnownFileType = file.storyboard; path = DinaStoryboard.storyboard; sourceTree = "<group>"; };
		DFA6BFAF1E1D44C2606A4D45 /* libPods-Mercado.a */ = {isa = PBXFileReference; explicitFileType = archive.ar; includeInIndex = 0; path = "libPods-Mercado.a"; sourceTree = BUILT_PRODUCTS_DIR; };
		E8D2DAF69F251E5AD25A9C5A /* Pods-Mercado.debug.xcconfig */ = {isa = PBXFileReference; includeInIndex = 1; lastKnownFileType = text.xcconfig; name = "Pods-Mercado.debug.xcconfig"; path = "Target Support Files/Pods-Mercado/Pods-Mercado.debug.xcconfig"; sourceTree = "<group>"; };
/* End PBXFileReference section */

/* Begin PBXFrameworksBuildPhase section */
		2F4533D22629F7FB000FE74E /* Frameworks */ = {
			isa = PBXFrameworksBuildPhase;
			buildActionMask = 2147483647;
			files = (
				30141B01D6C5927ABE1D5E35 /* libPods-Mercado.a in Frameworks */,
			);
			runOnlyForDeploymentPostprocessing = 0;
		};
		2F4533EB2629F7FC000FE74E /* Frameworks */ = {
			isa = PBXFrameworksBuildPhase;
			buildActionMask = 2147483647;
			files = (
			);
			runOnlyForDeploymentPostprocessing = 0;
		};
		2F4533F62629F7FC000FE74E /* Frameworks */ = {
			isa = PBXFrameworksBuildPhase;
			buildActionMask = 2147483647;
			files = (
			);
			runOnlyForDeploymentPostprocessing = 0;
		};
/* End PBXFrameworksBuildPhase section */

/* Begin PBXGroup section */
		2F4533CC2629F7FB000FE74E = {
			isa = PBXGroup;
			children = (
				2F4533D72629F7FB000FE74E /* Mercado */,
				2F4533F12629F7FC000FE74E /* MercadoTests */,
				2F4533FC2629F7FC000FE74E /* MercadoUITests */,
				2F4533D62629F7FB000FE74E /* Products */,
				77703BC71335E2C1B20171DA /* Pods */,
				AE3342E7556D3C940EBFB5FB /* Frameworks */,
			);
			sourceTree = "<group>";
		};
		2F4533D62629F7FB000FE74E /* Products */ = {
			isa = PBXGroup;
			children = (
				2F4533D52629F7FB000FE74E /* Mercado.app */,
				2F4533EE2629F7FC000FE74E /* MercadoTests.xctest */,
				2F4533F92629F7FC000FE74E /* MercadoUITests.xctest */,
			);
			name = Products;
			sourceTree = "<group>";
		};
		2F4533D72629F7FB000FE74E /* Mercado */ = {
			isa = PBXGroup;
			children = (
				96CD37542651C8BF007B945F /* ViewModels */,
				96CD37532651C114007B945F /* POJOs */,
				2F8A8B20262F290100128FCD /* Views */,
				96B8C1C2263B6C2D008CCA50 /* Constants */,
				96B8C1BC263B6A04008CCA50 /* Extensions */,
				96603625262E39A900653D91 /* GoogleService-Info.plist */,
				2F4533D82629F7FB000FE74E /* AppDelegate.swift */,
				2F4533DA2629F7FB000FE74E /* SceneDelegate.swift */,
				2F4533E42629F7FB000FE74E /* Assets.xcassets */,
				2F4533E62629F7FB000FE74E /* LaunchScreen.storyboard */,
				2F4533E92629F7FB000FE74E /* Info.plist */,
				2F4533E12629F7FB000FE74E /* Mercado.xcdatamodeld */,
				966B2F81262F20D800667FF4 /* mayar.storyboard */,
				96E8F9FC262F4C9E001984A2 /* ViewController.swift */,
			);
			path = Mercado;
			sourceTree = "<group>";
		};
		2F4533F12629F7FC000FE74E /* MercadoTests */ = {
			isa = PBXGroup;
			children = (
				2F4533F22629F7FC000FE74E /* MercadoTests.swift */,
				2F4533F42629F7FC000FE74E /* Info.plist */,
			);
			path = MercadoTests;
			sourceTree = "<group>";
		};
		2F4533FC2629F7FC000FE74E /* MercadoUITests */ = {
			isa = PBXGroup;
			children = (
				2F4533FD2629F7FC000FE74E /* MercadoUITests.swift */,
				2F4533FF2629F7FC000FE74E /* Info.plist */,
			);
			path = MercadoUITests;
			sourceTree = "<group>";
		};
		2F8A8B20262F290100128FCD /* Views */ = {
			isa = PBXGroup;
			children = (
				A93F94332630FD7100BFCBA2 /* DinaStoryboard.storyboard */,
				2F8A8B1B262F28F400128FCD /* LindaStoryboard.storyboard */,
				2F4533DE2629F7FB000FE74E /* Main.storyboard */,
				96B8C1C9263B769A008CCA50 /* Controllers */,
			);
			path = Views;
			sourceTree = "<group>";
		};
		77703BC71335E2C1B20171DA /* Pods */ = {
			isa = PBXGroup;
			children = (
				E8D2DAF69F251E5AD25A9C5A /* Pods-Mercado.debug.xcconfig */,
				7CB54C10A701AFDDAA9A7F0C /* Pods-Mercado.release.xcconfig */,
			);
			path = Pods;
			sourceTree = "<group>";
		};
		96B8C1BC263B6A04008CCA50 /* Extensions */ = {
			isa = PBXGroup;
			children = (
				96B8C1BD263B6A7B008CCA50 /* LoginExtension.swift */,
			);
			path = Extensions;
			sourceTree = "<group>";
		};
		96B8C1C2263B6C2D008CCA50 /* Constants */ = {
			isa = PBXGroup;
			children = (
				96B8C1C3263B6C53008CCA50 /* TextFieldErrors.swift */,
				2FE74B4126519400005D6AEA /* StyleSheet.swift */,
			);
			path = Constants;
			sourceTree = "<group>";
		};
		96B8C1C9263B769A008CCA50 /* Controllers */ = {
			isa = PBXGroup;
			children = (
				96CD37402651B7D4007B945F /* LoginTableViewController.swift */,
				96CD373B2651B7CA007B945F /* GetStartedViewController.swift */,
				96CD37452651B7DC007B945F /* SignUpTableViewController.swift */,
				2FEB0B8B264EBBDB003D5CAE /* HomeTabBarController.swift */,
			);
			path = Controllers;
			sourceTree = "<group>";
		};
		96CD37532651C114007B945F /* POJOs */ = {
			isa = PBXGroup;
			children = (
			);
			path = POJOs;
			sourceTree = "<group>";
		};
		96CD37542651C8BF007B945F /* ViewModels */ = {
			isa = PBXGroup;
			children = (
			);
			name = ViewModels;
			sourceTree = "<group>";
		};
		AE3342E7556D3C940EBFB5FB /* Frameworks */ = {
			isa = PBXGroup;
			children = (
				DFA6BFAF1E1D44C2606A4D45 /* libPods-Mercado.a */,
			);
			name = Frameworks;
			sourceTree = "<group>";
		};
/* End PBXGroup section */

/* Begin PBXNativeTarget section */
		2F4533D42629F7FB000FE74E /* Mercado */ = {
			isa = PBXNativeTarget;
			buildConfigurationList = 2F4534022629F7FC000FE74E /* Build configuration list for PBXNativeTarget "Mercado" */;
			buildPhases = (
				E140DC3D4048B41DD311B112 /* [CP] Check Pods Manifest.lock */,
				2F4533D12629F7FB000FE74E /* Sources */,
				2F4533D22629F7FB000FE74E /* Frameworks */,
				2F4533D32629F7FB000FE74E /* Resources */,
				B2094FB2981251DD309C9285 /* [CP] Copy Pods Resources */,
			);
			buildRules = (
			);
			dependencies = (
			);
			name = Mercado;
			productName = Mercado;
			productReference = 2F4533D52629F7FB000FE74E /* Mercado.app */;
			productType = "com.apple.product-type.application";
		};
		2F4533ED2629F7FC000FE74E /* MercadoTests */ = {
			isa = PBXNativeTarget;
			buildConfigurationList = 2F4534052629F7FC000FE74E /* Build configuration list for PBXNativeTarget "MercadoTests" */;
			buildPhases = (
				2F4533EA2629F7FC000FE74E /* Sources */,
				2F4533EB2629F7FC000FE74E /* Frameworks */,
				2F4533EC2629F7FC000FE74E /* Resources */,
			);
			buildRules = (
			);
			dependencies = (
				2F4533F02629F7FC000FE74E /* PBXTargetDependency */,
			);
			name = MercadoTests;
			productName = MercadoTests;
			productReference = 2F4533EE2629F7FC000FE74E /* MercadoTests.xctest */;
			productType = "com.apple.product-type.bundle.unit-test";
		};
		2F4533F82629F7FC000FE74E /* MercadoUITests */ = {
			isa = PBXNativeTarget;
			buildConfigurationList = 2F4534082629F7FC000FE74E /* Build configuration list for PBXNativeTarget "MercadoUITests" */;
			buildPhases = (
				2F4533F52629F7FC000FE74E /* Sources */,
				2F4533F62629F7FC000FE74E /* Frameworks */,
				2F4533F72629F7FC000FE74E /* Resources */,
			);
			buildRules = (
			);
			dependencies = (
				2F4533FB2629F7FC000FE74E /* PBXTargetDependency */,
			);
			name = MercadoUITests;
			productName = MercadoUITests;
			productReference = 2F4533F92629F7FC000FE74E /* MercadoUITests.xctest */;
			productType = "com.apple.product-type.bundle.ui-testing";
		};
/* End PBXNativeTarget section */

/* Begin PBXProject section */
		2F4533CD2629F7FB000FE74E /* Project object */ = {
			isa = PBXProject;
			attributes = {
				LastSwiftUpdateCheck = 1240;
				LastUpgradeCheck = 1240;
				TargetAttributes = {
					2F4533D42629F7FB000FE74E = {
						CreatedOnToolsVersion = 12.4;
					};
					2F4533ED2629F7FC000FE74E = {
						CreatedOnToolsVersion = 12.4;
						TestTargetID = 2F4533D42629F7FB000FE74E;
					};
					2F4533F82629F7FC000FE74E = {
						CreatedOnToolsVersion = 12.4;
						TestTargetID = 2F4533D42629F7FB000FE74E;
					};
				};
			};
			buildConfigurationList = 2F4533D02629F7FB000FE74E /* Build configuration list for PBXProject "Mercado" */;
			compatibilityVersion = "Xcode 9.3";
			developmentRegion = en;
			hasScannedForEncodings = 0;
			knownRegions = (
				en,
				Base,
			);
			mainGroup = 2F4533CC2629F7FB000FE74E;
			productRefGroup = 2F4533D62629F7FB000FE74E /* Products */;
			projectDirPath = "";
			projectRoot = "";
			targets = (
				2F4533D42629F7FB000FE74E /* Mercado */,
				2F4533ED2629F7FC000FE74E /* MercadoTests */,
				2F4533F82629F7FC000FE74E /* MercadoUITests */,
			);
		};
/* End PBXProject section */

/* Begin PBXResourcesBuildPhase section */
		2F4533D32629F7FB000FE74E /* Resources */ = {
			isa = PBXResourcesBuildPhase;
			buildActionMask = 2147483647;
			files = (
				966B2F82262F20D800667FF4 /* mayar.storyboard in Resources */,
				2F4533E82629F7FB000FE74E /* LaunchScreen.storyboard in Resources */,
				A93F94342630FD7100BFCBA2 /* DinaStoryboard.storyboard in Resources */,
				96603626262E39A900653D91 /* GoogleService-Info.plist in Resources */,
				2F4533E52629F7FB000FE74E /* Assets.xcassets in Resources */,
				2F8A8B1C262F28F400128FCD /* LindaStoryboard.storyboard in Resources */,
				2F4533E02629F7FB000FE74E /* Main.storyboard in Resources */,
			);
			runOnlyForDeploymentPostprocessing = 0;
		};
		2F4533EC2629F7FC000FE74E /* Resources */ = {
			isa = PBXResourcesBuildPhase;
			buildActionMask = 2147483647;
			files = (
			);
			runOnlyForDeploymentPostprocessing = 0;
		};
		2F4533F72629F7FC000FE74E /* Resources */ = {
			isa = PBXResourcesBuildPhase;
			buildActionMask = 2147483647;
			files = (
			);
			runOnlyForDeploymentPostprocessing = 0;
		};
/* End PBXResourcesBuildPhase section */

/* Begin PBXShellScriptBuildPhase section */
		B2094FB2981251DD309C9285 /* [CP] Copy Pods Resources */ = {
			isa = PBXShellScriptBuildPhase;
			buildActionMask = 2147483647;
			files = (
			);
			inputFileListPaths = (
				"${PODS_ROOT}/Target Support Files/Pods-Mercado/Pods-Mercado-resources-${CONFIGURATION}-input-files.xcfilelist",
			);
			name = "[CP] Copy Pods Resources";
			outputFileListPaths = (
				"${PODS_ROOT}/Target Support Files/Pods-Mercado/Pods-Mercado-resources-${CONFIGURATION}-output-files.xcfilelist",
			);
			runOnlyForDeploymentPostprocessing = 0;
			shellPath = /bin/sh;
			shellScript = "\"${PODS_ROOT}/Target Support Files/Pods-Mercado/Pods-Mercado-resources.sh\"\n";
			showEnvVarsInLog = 0;
		};
		E140DC3D4048B41DD311B112 /* [CP] Check Pods Manifest.lock */ = {
			isa = PBXShellScriptBuildPhase;
			buildActionMask = 2147483647;
			files = (
			);
			inputFileListPaths = (
			);
			inputPaths = (
				"${PODS_PODFILE_DIR_PATH}/Podfile.lock",
				"${PODS_ROOT}/Manifest.lock",
			);
			name = "[CP] Check Pods Manifest.lock";
			outputFileListPaths = (
			);
			outputPaths = (
				"$(DERIVED_FILE_DIR)/Pods-Mercado-checkManifestLockResult.txt",
			);
			runOnlyForDeploymentPostprocessing = 0;
			shellPath = /bin/sh;
			shellScript = "diff \"${PODS_PODFILE_DIR_PATH}/Podfile.lock\" \"${PODS_ROOT}/Manifest.lock\" > /dev/null\nif [ $? != 0 ] ; then\n    # print error to STDERR\n    echo \"error: The sandbox is not in sync with the Podfile.lock. Run 'pod install' or update your CocoaPods installation.\" >&2\n    exit 1\nfi\n# This output is used by Xcode 'outputs' to avoid re-running this script phase.\necho \"SUCCESS\" > \"${SCRIPT_OUTPUT_FILE_0}\"\n";
			showEnvVarsInLog = 0;
		};
/* End PBXShellScriptBuildPhase section */

/* Begin PBXSourcesBuildPhase section */
		2F4533D12629F7FB000FE74E /* Sources */ = {
			isa = PBXSourcesBuildPhase;
			buildActionMask = 2147483647;
			files = (
				96CD373C2651B7CA007B945F /* GetStartedViewController.swift in Sources */,
				96CD37462651B7DC007B945F /* SignUpTableViewController.swift in Sources */,
				96E8F9FD262F4C9E001984A2 /* ViewController.swift in Sources */,
				96B8C1C4263B6C53008CCA50 /* TextFieldErrors.swift in Sources */,
				96CD37412651B7D5007B945F /* LoginTableViewController.swift in Sources */,
				2F4533D92629F7FB000FE74E /* AppDelegate.swift in Sources */,
				2F4533DB2629F7FB000FE74E /* SceneDelegate.swift in Sources */,
				2FE74B4226519400005D6AEA /* StyleSheet.swift in Sources */,
				2FEB0B8C264EBBDB003D5CAE /* HomeTabBarController.swift in Sources */,
				96B8C1BE263B6A7B008CCA50 /* LoginExtension.swift in Sources */,
				2F4533E32629F7FB000FE74E /* Mercado.xcdatamodeld in Sources */,
			);
			runOnlyForDeploymentPostprocessing = 0;
		};
		2F4533EA2629F7FC000FE74E /* Sources */ = {
			isa = PBXSourcesBuildPhase;
			buildActionMask = 2147483647;
			files = (
				2F4533F32629F7FC000FE74E /* MercadoTests.swift in Sources */,
				2FE74B4326519400005D6AEA /* StyleSheet.swift in Sources */,
			);
			runOnlyForDeploymentPostprocessing = 0;
		};
		2F4533F52629F7FC000FE74E /* Sources */ = {
			isa = PBXSourcesBuildPhase;
			buildActionMask = 2147483647;
			files = (
				2F4533FE2629F7FC000FE74E /* MercadoUITests.swift in Sources */,
				2FE74B4426519400005D6AEA /* StyleSheet.swift in Sources */,
			);
			runOnlyForDeploymentPostprocessing = 0;
		};
/* End PBXSourcesBuildPhase section */

/* Begin PBXTargetDependency section */
		2F4533F02629F7FC000FE74E /* PBXTargetDependency */ = {
			isa = PBXTargetDependency;
			target = 2F4533D42629F7FB000FE74E /* Mercado */;
			targetProxy = 2F4533EF2629F7FC000FE74E /* PBXContainerItemProxy */;
		};
		2F4533FB2629F7FC000FE74E /* PBXTargetDependency */ = {
			isa = PBXTargetDependency;
			target = 2F4533D42629F7FB000FE74E /* Mercado */;
			targetProxy = 2F4533FA2629F7FC000FE74E /* PBXContainerItemProxy */;
		};
/* End PBXTargetDependency section */

/* Begin PBXVariantGroup section */
		2F4533DE2629F7FB000FE74E /* Main.storyboard */ = {
			isa = PBXVariantGroup;
			children = (
				2F4533DF2629F7FB000FE74E /* Base */,
			);
			name = Main.storyboard;
			sourceTree = "<group>";
		};
		2F4533E62629F7FB000FE74E /* LaunchScreen.storyboard */ = {
			isa = PBXVariantGroup;
			children = (
				2F4533E72629F7FB000FE74E /* Base */,
			);
			name = LaunchScreen.storyboard;
			sourceTree = "<group>";
		};
/* End PBXVariantGroup section */

/* Begin XCBuildConfiguration section */
		2F4534002629F7FC000FE74E /* Debug */ = {
			isa = XCBuildConfiguration;
			buildSettings = {
				ALWAYS_SEARCH_USER_PATHS = NO;
				CLANG_ANALYZER_NONNULL = YES;
				CLANG_ANALYZER_NUMBER_OBJECT_CONVERSION = YES_AGGRESSIVE;
				CLANG_CXX_LANGUAGE_STANDARD = "gnu++14";
				CLANG_CXX_LIBRARY = "libc++";
				CLANG_ENABLE_MODULES = YES;
				CLANG_ENABLE_OBJC_ARC = YES;
				CLANG_ENABLE_OBJC_WEAK = YES;
				CLANG_WARN_BLOCK_CAPTURE_AUTORELEASING = YES;
				CLANG_WARN_BOOL_CONVERSION = YES;
				CLANG_WARN_COMMA = YES;
				CLANG_WARN_CONSTANT_CONVERSION = YES;
				CLANG_WARN_DEPRECATED_OBJC_IMPLEMENTATIONS = YES;
				CLANG_WARN_DIRECT_OBJC_ISA_USAGE = YES_ERROR;
				CLANG_WARN_DOCUMENTATION_COMMENTS = YES;
				CLANG_WARN_EMPTY_BODY = YES;
				CLANG_WARN_ENUM_CONVERSION = YES;
				CLANG_WARN_INFINITE_RECURSION = YES;
				CLANG_WARN_INT_CONVERSION = YES;
				CLANG_WARN_NON_LITERAL_NULL_CONVERSION = YES;
				CLANG_WARN_OBJC_IMPLICIT_RETAIN_SELF = YES;
				CLANG_WARN_OBJC_LITERAL_CONVERSION = YES;
				CLANG_WARN_OBJC_ROOT_CLASS = YES_ERROR;
				CLANG_WARN_QUOTED_INCLUDE_IN_FRAMEWORK_HEADER = YES;
				CLANG_WARN_RANGE_LOOP_ANALYSIS = YES;
				CLANG_WARN_STRICT_PROTOTYPES = YES;
				CLANG_WARN_SUSPICIOUS_MOVE = YES;
				CLANG_WARN_UNGUARDED_AVAILABILITY = YES_AGGRESSIVE;
				CLANG_WARN_UNREACHABLE_CODE = YES;
				CLANG_WARN__DUPLICATE_METHOD_MATCH = YES;
				COPY_PHASE_STRIP = NO;
				DEBUG_INFORMATION_FORMAT = dwarf;
				ENABLE_STRICT_OBJC_MSGSEND = YES;
				ENABLE_TESTABILITY = YES;
				GCC_C_LANGUAGE_STANDARD = gnu11;
				GCC_DYNAMIC_NO_PIC = NO;
				GCC_NO_COMMON_BLOCKS = YES;
				GCC_OPTIMIZATION_LEVEL = 0;
				GCC_PREPROCESSOR_DEFINITIONS = (
					"DEBUG=1",
					"$(inherited)",
				);
				GCC_WARN_64_TO_32_BIT_CONVERSION = YES;
				GCC_WARN_ABOUT_RETURN_TYPE = YES_ERROR;
				GCC_WARN_UNDECLARED_SELECTOR = YES;
				GCC_WARN_UNINITIALIZED_AUTOS = YES_AGGRESSIVE;
				GCC_WARN_UNUSED_FUNCTION = YES;
				GCC_WARN_UNUSED_VARIABLE = YES;
				IPHONEOS_DEPLOYMENT_TARGET = 14.4;
				MTL_ENABLE_DEBUG_INFO = INCLUDE_SOURCE;
				MTL_FAST_MATH = YES;
				ONLY_ACTIVE_ARCH = YES;
				SDKROOT = iphoneos;
				SWIFT_ACTIVE_COMPILATION_CONDITIONS = DEBUG;
				SWIFT_OPTIMIZATION_LEVEL = "-Onone";
			};
			name = Debug;
		};
		2F4534012629F7FC000FE74E /* Release */ = {
			isa = XCBuildConfiguration;
			buildSettings = {
				ALWAYS_SEARCH_USER_PATHS = NO;
				CLANG_ANALYZER_NONNULL = YES;
				CLANG_ANALYZER_NUMBER_OBJECT_CONVERSION = YES_AGGRESSIVE;
				CLANG_CXX_LANGUAGE_STANDARD = "gnu++14";
				CLANG_CXX_LIBRARY = "libc++";
				CLANG_ENABLE_MODULES = YES;
				CLANG_ENABLE_OBJC_ARC = YES;
				CLANG_ENABLE_OBJC_WEAK = YES;
				CLANG_WARN_BLOCK_CAPTURE_AUTORELEASING = YES;
				CLANG_WARN_BOOL_CONVERSION = YES;
				CLANG_WARN_COMMA = YES;
				CLANG_WARN_CONSTANT_CONVERSION = YES;
				CLANG_WARN_DEPRECATED_OBJC_IMPLEMENTATIONS = YES;
				CLANG_WARN_DIRECT_OBJC_ISA_USAGE = YES_ERROR;
				CLANG_WARN_DOCUMENTATION_COMMENTS = YES;
				CLANG_WARN_EMPTY_BODY = YES;
				CLANG_WARN_ENUM_CONVERSION = YES;
				CLANG_WARN_INFINITE_RECURSION = YES;
				CLANG_WARN_INT_CONVERSION = YES;
				CLANG_WARN_NON_LITERAL_NULL_CONVERSION = YES;
				CLANG_WARN_OBJC_IMPLICIT_RETAIN_SELF = YES;
				CLANG_WARN_OBJC_LITERAL_CONVERSION = YES;
				CLANG_WARN_OBJC_ROOT_CLASS = YES_ERROR;
				CLANG_WARN_QUOTED_INCLUDE_IN_FRAMEWORK_HEADER = YES;
				CLANG_WARN_RANGE_LOOP_ANALYSIS = YES;
				CLANG_WARN_STRICT_PROTOTYPES = YES;
				CLANG_WARN_SUSPICIOUS_MOVE = YES;
				CLANG_WARN_UNGUARDED_AVAILABILITY = YES_AGGRESSIVE;
				CLANG_WARN_UNREACHABLE_CODE = YES;
				CLANG_WARN__DUPLICATE_METHOD_MATCH = YES;
				COPY_PHASE_STRIP = NO;
				DEBUG_INFORMATION_FORMAT = "dwarf-with-dsym";
				ENABLE_NS_ASSERTIONS = NO;
				ENABLE_STRICT_OBJC_MSGSEND = YES;
				GCC_C_LANGUAGE_STANDARD = gnu11;
				GCC_NO_COMMON_BLOCKS = YES;
				GCC_WARN_64_TO_32_BIT_CONVERSION = YES;
				GCC_WARN_ABOUT_RETURN_TYPE = YES_ERROR;
				GCC_WARN_UNDECLARED_SELECTOR = YES;
				GCC_WARN_UNINITIALIZED_AUTOS = YES_AGGRESSIVE;
				GCC_WARN_UNUSED_FUNCTION = YES;
				GCC_WARN_UNUSED_VARIABLE = YES;
				IPHONEOS_DEPLOYMENT_TARGET = 14.4;
				MTL_ENABLE_DEBUG_INFO = NO;
				MTL_FAST_MATH = YES;
				SDKROOT = iphoneos;
				SWIFT_COMPILATION_MODE = wholemodule;
				SWIFT_OPTIMIZATION_LEVEL = "-O";
				VALIDATE_PRODUCT = YES;
			};
			name = Release;
		};
		2F4534032629F7FC000FE74E /* Debug */ = {
			isa = XCBuildConfiguration;
			baseConfigurationReference = E8D2DAF69F251E5AD25A9C5A /* Pods-Mercado.debug.xcconfig */;
			buildSettings = {
				ASSETCATALOG_COMPILER_APPICON_NAME = AppIcon;
				ASSETCATALOG_COMPILER_GLOBAL_ACCENT_COLOR_NAME = AccentColor;
				CODE_SIGN_STYLE = Automatic;
				DEVELOPMENT_TEAM = GZ93545KF8;
				INFOPLIST_FILE = Mercado/Info.plist;
				IPHONEOS_DEPLOYMENT_TARGET = 13.0;
				LD_RUNPATH_SEARCH_PATHS = (
					"$(inherited)",
					"@executable_path/Frameworks",
				);
				PRODUCT_BUNDLE_IDENTIFIER = iti.Mercado;
				PRODUCT_NAME = "$(TARGET_NAME)";
				SWIFT_VERSION = 5.0;
				TARGETED_DEVICE_FAMILY = "1,2";
			};
			name = Debug;
		};
		2F4534042629F7FC000FE74E /* Release */ = {
			isa = XCBuildConfiguration;
			baseConfigurationReference = 7CB54C10A701AFDDAA9A7F0C /* Pods-Mercado.release.xcconfig */;
			buildSettings = {
				ASSETCATALOG_COMPILER_APPICON_NAME = AppIcon;
				ASSETCATALOG_COMPILER_GLOBAL_ACCENT_COLOR_NAME = AccentColor;
				CODE_SIGN_STYLE = Automatic;
				DEVELOPMENT_TEAM = GZ93545KF8;
				INFOPLIST_FILE = Mercado/Info.plist;
				IPHONEOS_DEPLOYMENT_TARGET = 13.0;
				LD_RUNPATH_SEARCH_PATHS = (
					"$(inherited)",
					"@executable_path/Frameworks",
				);
				PRODUCT_BUNDLE_IDENTIFIER = iti.Mercado;
				PRODUCT_NAME = "$(TARGET_NAME)";
				SWIFT_VERSION = 5.0;
				TARGETED_DEVICE_FAMILY = "1,2";
			};
			name = Release;
		};
		2F4534062629F7FC000FE74E /* Debug */ = {
			isa = XCBuildConfiguration;
			buildSettings = {
				ALWAYS_EMBED_SWIFT_STANDARD_LIBRARIES = YES;
				BUNDLE_LOADER = "$(TEST_HOST)";
				CODE_SIGN_STYLE = Automatic;
				INFOPLIST_FILE = MercadoTests/Info.plist;
				IPHONEOS_DEPLOYMENT_TARGET = 14.4;
				LD_RUNPATH_SEARCH_PATHS = (
					"$(inherited)",
					"@executable_path/Frameworks",
					"@loader_path/Frameworks",
				);
				PRODUCT_BUNDLE_IDENTIFIER = iti.MercadoTests;
				PRODUCT_NAME = "$(TARGET_NAME)";
				SWIFT_VERSION = 5.0;
				TARGETED_DEVICE_FAMILY = "1,2";
				TEST_HOST = "$(BUILT_PRODUCTS_DIR)/Mercado.app/Mercado";
			};
			name = Debug;
		};
		2F4534072629F7FC000FE74E /* Release */ = {
			isa = XCBuildConfiguration;
			buildSettings = {
				ALWAYS_EMBED_SWIFT_STANDARD_LIBRARIES = YES;
				BUNDLE_LOADER = "$(TEST_HOST)";
				CODE_SIGN_STYLE = Automatic;
				INFOPLIST_FILE = MercadoTests/Info.plist;
				IPHONEOS_DEPLOYMENT_TARGET = 14.4;
				LD_RUNPATH_SEARCH_PATHS = (
					"$(inherited)",
					"@executable_path/Frameworks",
					"@loader_path/Frameworks",
				);
				PRODUCT_BUNDLE_IDENTIFIER = iti.MercadoTests;
				PRODUCT_NAME = "$(TARGET_NAME)";
				SWIFT_VERSION = 5.0;
				TARGETED_DEVICE_FAMILY = "1,2";
				TEST_HOST = "$(BUILT_PRODUCTS_DIR)/Mercado.app/Mercado";
			};
			name = Release;
		};
		2F4534092629F7FC000FE74E /* Debug */ = {
			isa = XCBuildConfiguration;
			buildSettings = {
				ALWAYS_EMBED_SWIFT_STANDARD_LIBRARIES = YES;
				CODE_SIGN_STYLE = Automatic;
				INFOPLIST_FILE = MercadoUITests/Info.plist;
				LD_RUNPATH_SEARCH_PATHS = (
					"$(inherited)",
					"@executable_path/Frameworks",
					"@loader_path/Frameworks",
				);
				PRODUCT_BUNDLE_IDENTIFIER = iti.MercadoUITests;
				PRODUCT_NAME = "$(TARGET_NAME)";
				SWIFT_VERSION = 5.0;
				TARGETED_DEVICE_FAMILY = "1,2";
				TEST_TARGET_NAME = Mercado;
			};
			name = Debug;
		};
		2F45340A2629F7FC000FE74E /* Release */ = {
			isa = XCBuildConfiguration;
			buildSettings = {
				ALWAYS_EMBED_SWIFT_STANDARD_LIBRARIES = YES;
				CODE_SIGN_STYLE = Automatic;
				INFOPLIST_FILE = MercadoUITests/Info.plist;
				LD_RUNPATH_SEARCH_PATHS = (
					"$(inherited)",
					"@executable_path/Frameworks",
					"@loader_path/Frameworks",
				);
				PRODUCT_BUNDLE_IDENTIFIER = iti.MercadoUITests;
				PRODUCT_NAME = "$(TARGET_NAME)";
				SWIFT_VERSION = 5.0;
				TARGETED_DEVICE_FAMILY = "1,2";
				TEST_TARGET_NAME = Mercado;
			};
			name = Release;
		};
/* End XCBuildConfiguration section */

/* Begin XCConfigurationList section */
		2F4533D02629F7FB000FE74E /* Build configuration list for PBXProject "Mercado" */ = {
			isa = XCConfigurationList;
			buildConfigurations = (
				2F4534002629F7FC000FE74E /* Debug */,
				2F4534012629F7FC000FE74E /* Release */,
			);
			defaultConfigurationIsVisible = 0;
			defaultConfigurationName = Release;
		};
		2F4534022629F7FC000FE74E /* Build configuration list for PBXNativeTarget "Mercado" */ = {
			isa = XCConfigurationList;
			buildConfigurations = (
				2F4534032629F7FC000FE74E /* Debug */,
				2F4534042629F7FC000FE74E /* Release */,
			);
			defaultConfigurationIsVisible = 0;
			defaultConfigurationName = Release;
		};
		2F4534052629F7FC000FE74E /* Build configuration list for PBXNativeTarget "MercadoTests" */ = {
			isa = XCConfigurationList;
			buildConfigurations = (
				2F4534062629F7FC000FE74E /* Debug */,
				2F4534072629F7FC000FE74E /* Release */,
			);
			defaultConfigurationIsVisible = 0;
			defaultConfigurationName = Release;
		};
		2F4534082629F7FC000FE74E /* Build configuration list for PBXNativeTarget "MercadoUITests" */ = {
			isa = XCConfigurationList;
			buildConfigurations = (
				2F4534092629F7FC000FE74E /* Debug */,
				2F45340A2629F7FC000FE74E /* Release */,
			);
			defaultConfigurationIsVisible = 0;
			defaultConfigurationName = Release;
		};
/* End XCConfigurationList section */

/* Begin XCVersionGroup section */
		2F4533E12629F7FB000FE74E /* Mercado.xcdatamodeld */ = {
			isa = XCVersionGroup;
			children = (
				2F4533E22629F7FB000FE74E /* Mercado.xcdatamodel */,
			);
			currentVersion = 2F4533E22629F7FB000FE74E /* Mercado.xcdatamodel */;
			path = Mercado.xcdatamodeld;
			sourceTree = "<group>";
			versionGroupType = wrapper.xcdatamodel;
		};
/* End XCVersionGroup section */
	};
	rootObject = 2F4533CD2629F7FB000FE74E /* Project object */;
}
